// !$*UTF8*$!
{
	archiveVersion = 1;
	classes = {
	};
	objectVersion = 55;
	objects = {

/* Begin PBXBuildFile section */
		008DC2FE29778E300039AB22 /* LoremPicsum.swift in Sources */ = {isa = PBXBuildFile; fileRef = 00F0A1F4296E584F006B5A28 /* LoremPicsum.swift */; };
		008DC3192977DCCF0039AB22 /* FunnyPlayView.swift in Sources */ = {isa = PBXBuildFile; fileRef = 008DC3182977DCCF0039AB22 /* FunnyPlayView.swift */; };
		00D63E01299103C5003F0C29 /* VibrancyVisualEffectViewRepresentable.swift in Sources */ = {isa = PBXBuildFile; fileRef = 00D63DF0299103C5003F0C29 /* VibrancyVisualEffectViewRepresentable.swift */; };
		00D63E02299103C5003F0C29 /* BlurVisualEffectViewRepresentable.swift in Sources */ = {isa = PBXBuildFile; fileRef = 00D63DF1299103C5003F0C29 /* BlurVisualEffectViewRepresentable.swift */; };
		00D63E03299103C5003F0C29 /* VibrancyEffectStyleKey.swift in Sources */ = {isa = PBXBuildFile; fileRef = 00D63DF3299103C5003F0C29 /* VibrancyEffectStyleKey.swift */; };
		00D63E04299103C5003F0C29 /* BlurEffectStyleKey.swift in Sources */ = {isa = PBXBuildFile; fileRef = 00D63DF4299103C5003F0C29 /* BlurEffectStyleKey.swift */; };
		00D63E05299103C5003F0C29 /* BlurEffect.swift in Sources */ = {isa = PBXBuildFile; fileRef = 00D63DF5299103C5003F0C29 /* BlurEffect.swift */; };
		00D63E06299103C5003F0C29 /* View+blurEffectStyle.swift in Sources */ = {isa = PBXBuildFile; fileRef = 00D63DF7299103C5003F0C29 /* View+blurEffectStyle.swift */; };
		00D63E07299103C5003F0C29 /* View+vibrancyEffect.swift in Sources */ = {isa = PBXBuildFile; fileRef = 00D63DF8299103C5003F0C29 /* View+vibrancyEffect.swift */; };
		00D63E08299103C5003F0C29 /* View+blurEffect.swift in Sources */ = {isa = PBXBuildFile; fileRef = 00D63DF9299103C5003F0C29 /* View+blurEffect.swift */; };
		00D63E09299103C5003F0C29 /* View+vibrancyEffectStyle.swift in Sources */ = {isa = PBXBuildFile; fileRef = 00D63DFA299103C5003F0C29 /* View+vibrancyEffectStyle.swift */; };
		00D63E0A299103C5003F0C29 /* BlurEffectModifier.swift in Sources */ = {isa = PBXBuildFile; fileRef = 00D63DFC299103C5003F0C29 /* BlurEffectModifier.swift */; };
		00D63E0B299103C5003F0C29 /* VibrancyEffectModifier.swift in Sources */ = {isa = PBXBuildFile; fileRef = 00D63DFD299103C5003F0C29 /* VibrancyEffectModifier.swift */; };
		00D63E0C299103C5003F0C29 /* EnvironmentValues+blurEffectStyle.swift in Sources */ = {isa = PBXBuildFile; fileRef = 00D63DFF299103C5003F0C29 /* EnvironmentValues+blurEffectStyle.swift */; };
		00D63E0D299103C5003F0C29 /* EnvironmentValues+vibrancyEffectStyle.swift in Sources */ = {isa = PBXBuildFile; fileRef = 00D63E00299103C5003F0C29 /* EnvironmentValues+vibrancyEffectStyle.swift */; };
		00D63E2B2991F1F1003F0C29 /* Const.swift in Sources */ = {isa = PBXBuildFile; fileRef = 00D63E292991F1F1003F0C29 /* Const.swift */; };
		00D63E2C2991F1F1003F0C29 /* Const.swift in Sources */ = {isa = PBXBuildFile; fileRef = 00D63E292991F1F1003F0C29 /* Const.swift */; };
		00D63E2D2991F1F1003F0C29 /* Function.swift in Sources */ = {isa = PBXBuildFile; fileRef = 00D63E2A2991F1F1003F0C29 /* Function.swift */; };
		00D63E2E2991F1F1003F0C29 /* Function.swift in Sources */ = {isa = PBXBuildFile; fileRef = 00D63E2A2991F1F1003F0C29 /* Function.swift */; };
		00DFE9F62908E88400B6611B /* AnimExperienceView_iOS15.swift in Sources */ = {isa = PBXBuildFile; fileRef = 00DFE9F52908E88400B6611B /* AnimExperienceView_iOS15.swift */; };
		00DFE9F9290905ED00B6611B /* ButtonStyles.swift in Sources */ = {isa = PBXBuildFile; fileRef = 00DFE9F8290905ED00B6611B /* ButtonStyles.swift */; };
		00DFE9FB2909062400B6611B /* AnimationValueView.swift in Sources */ = {isa = PBXBuildFile; fileRef = 00DFE9FA2909062400B6611B /* AnimationValueView.swift */; };
		00DFE9FD29090ABA00B6611B /* AnimatableModifiers.swift in Sources */ = {isa = PBXBuildFile; fileRef = 00DFE9FC29090ABA00B6611B /* AnimatableModifiers.swift */; };
		00E5D9CE296EA130006A6FDD /* Modifiers.swift in Sources */ = {isa = PBXBuildFile; fileRef = 71ADDF7D27A0E7A600404FF4 /* Modifiers.swift */; };
		00E5D9CF296EA13A006A6FDD /* ButtonStyles.swift in Sources */ = {isa = PBXBuildFile; fileRef = 00DFE9F8290905ED00B6611B /* ButtonStyles.swift */; };
		00E5D9D7296FB110006A6FDD /* EnvironmentValues.swift in Sources */ = {isa = PBXBuildFile; fileRef = 00E5D9D6296FB110006A6FDD /* EnvironmentValues.swift */; };
		00E5D9D8296FB112006A6FDD /* EnvironmentValues.swift in Sources */ = {isa = PBXBuildFile; fileRef = 00E5D9D6296FB110006A6FDD /* EnvironmentValues.swift */; };
		00E5D9DA296FDF31006A6FDD /* ImagePickerShowView.swift in Sources */ = {isa = PBXBuildFile; fileRef = 00E5D9D9296FDF31006A6FDD /* ImagePickerShowView.swift */; };
		00E5D9DC296FE5A8006A6FDD /* EnvironmentTestView.swift in Sources */ = {isa = PBXBuildFile; fileRef = 00E5D9DB296FE5A8006A6FDD /* EnvironmentTestView.swift */; };
		00ED821E296962F5006F035B /* StateInitTestView.swift in Sources */ = {isa = PBXBuildFile; fileRef = 00ED821D296962F5006F035B /* StateInitTestView.swift */; };
		00ED822E296BBF73006F035B /* AppGroups.swift in Sources */ = {isa = PBXBuildFile; fileRef = 00ED822D296BBF73006F035B /* AppGroups.swift */; };
		00ED822F296BBF76006F035B /* AppGroups.swift in Sources */ = {isa = PBXBuildFile; fileRef = 00ED822D296BBF73006F035B /* AppGroups.swift */; };
		00ED8253296BE99D006F035B /* GifImageView.swift in Sources */ = {isa = PBXBuildFile; fileRef = 00ED8252296BE99D006F035B /* GifImageView.swift */; };
		00ED8257296BE9BD006F035B /* AsyncGifImageView.swift in Sources */ = {isa = PBXBuildFile; fileRef = 00ED8256296BE9BD006F035B /* AsyncGifImageView.swift */; };
		00F0A1D5296BEDA5006B5A28 /* NevesWidgetView.swift in Sources */ = {isa = PBXBuildFile; fileRef = 00F0A1D4296BEDA5006B5A28 /* NevesWidgetView.swift */; };
		00F0A1D6296BEDA7006B5A28 /* NevesWidgetView.swift in Sources */ = {isa = PBXBuildFile; fileRef = 00F0A1D4296BEDA5006B5A28 /* NevesWidgetView.swift */; };
		00F0A1DA296BEDF0006B5A28 /* NevesWidgetEditView.swift in Sources */ = {isa = PBXBuildFile; fileRef = 00F0A1D9296BEDF0006B5A28 /* NevesWidgetEditView.swift */; };
		00F0A1DB296BEDFF006B5A28 /* NevesWidgetEditView.swift in Sources */ = {isa = PBXBuildFile; fileRef = 00F0A1D9296BEDF0006B5A28 /* NevesWidgetEditView.swift */; };
		00F0A1DD296BF62E006B5A28 /* NevesWidgetStore.swift in Sources */ = {isa = PBXBuildFile; fileRef = 00F0A1DC296BF62E006B5A28 /* NevesWidgetStore.swift */; };
		00F0A1DE296BF696006B5A28 /* NevesWidgetStore.swift in Sources */ = {isa = PBXBuildFile; fileRef = 00F0A1DC296BF62E006B5A28 /* NevesWidgetStore.swift */; };
		00F0A1E0296BFFCB006B5A28 /* UserDefault.swift in Sources */ = {isa = PBXBuildFile; fileRef = 00F0A1DF296BFFCB006B5A28 /* UserDefault.swift */; };
		00F0A1E4296D3148006B5A28 /* NevesWidgetModel.swift in Sources */ = {isa = PBXBuildFile; fileRef = 00F0A1E3296D3148006B5A28 /* NevesWidgetModel.swift */; };
		00F0A1E5296D453D006B5A28 /* NevesWidgetModel.swift in Sources */ = {isa = PBXBuildFile; fileRef = 00F0A1E3296D3148006B5A28 /* NevesWidgetModel.swift */; };
		00F0A1E7296D607F006B5A28 /* UserDefault.swift in Sources */ = {isa = PBXBuildFile; fileRef = 00F0A1DF296BFFCB006B5A28 /* UserDefault.swift */; };
		00F0A1F5296E584F006B5A28 /* LoremPicsum.swift in Sources */ = {isa = PBXBuildFile; fileRef = 00F0A1F4296E584F006B5A28 /* LoremPicsum.swift */; };
		00FCC7822990A50C0086E2C7 /* Hud.swift in Sources */ = {isa = PBXBuildFile; fileRef = 00FCC7812990A50C0086E2C7 /* Hud.swift */; };
		1A621CD12880FD8D00DC463F /* TestUIView.swift in Sources */ = {isa = PBXBuildFile; fileRef = 1A621CD02880FD8D00DC463F /* TestUIView.swift */; };
		71032D2C275E1E610030776A /* ImageCroperView.swift in Sources */ = {isa = PBXBuildFile; fileRef = 71032D2A275E1E610030776A /* ImageCroperView.swift */; };
		71032D2D275E1E610030776A /* ImagePickerView.swift in Sources */ = {isa = PBXBuildFile; fileRef = 71032D2B275E1E610030776A /* ImagePickerView.swift */; };
		71032D31275E21450030776A /* CropViewController.swift in Sources */ = {isa = PBXBuildFile; fileRef = 71032D2F275E21450030776A /* CropViewController.swift */; };
		71032D32275E21450030776A /* CropViewController.xib in Resources */ = {isa = PBXBuildFile; fileRef = 71032D30275E21450030776A /* CropViewController.xib */; };
		71032D37275E25460030776A /* Gwen.jpg in Resources */ = {isa = PBXBuildFile; fileRef = 71032D36275E25460030776A /* Gwen.jpg */; };
		71032D3927605D6F0030776A /* MatchedGeometryEffectView.swift in Sources */ = {isa = PBXBuildFile; fileRef = 71032D3827605D6F0030776A /* MatchedGeometryEffectView.swift */; };
		71032D4227605EA40030776A /* Girl4.jpg in Resources */ = {isa = PBXBuildFile; fileRef = 71032D3A27605EA40030776A /* Girl4.jpg */; };
		71032D4327605EA40030776A /* Girl1.jpg in Resources */ = {isa = PBXBuildFile; fileRef = 71032D3B27605EA40030776A /* Girl1.jpg */; };
		71032D4427605EA40030776A /* Girl3.jpg in Resources */ = {isa = PBXBuildFile; fileRef = 71032D3C27605EA40030776A /* Girl3.jpg */; };
		71032D4527605EA40030776A /* Girl8.jpg in Resources */ = {isa = PBXBuildFile; fileRef = 71032D3D27605EA40030776A /* Girl8.jpg */; };
		71032D4627605EA40030776A /* Girl6.jpg in Resources */ = {isa = PBXBuildFile; fileRef = 71032D3E27605EA40030776A /* Girl6.jpg */; };
		71032D4727605EA40030776A /* Girl2.jpg in Resources */ = {isa = PBXBuildFile; fileRef = 71032D3F27605EA40030776A /* Girl2.jpg */; };
		71032D4827605EA40030776A /* Girl5.jpg in Resources */ = {isa = PBXBuildFile; fileRef = 71032D4027605EA40030776A /* Girl5.jpg */; };
		71032D4927605EA40030776A /* Girl7.jpg in Resources */ = {isa = PBXBuildFile; fileRef = 71032D4127605EA40030776A /* Girl7.jpg */; };
		71032D4C27605F150030776A /* Beauty.swift in Sources */ = {isa = PBXBuildFile; fileRef = 71032D4B27605F150030776A /* Beauty.swift */; };
		71032D4E2760632E0030776A /* BeautyItem.swift in Sources */ = {isa = PBXBuildFile; fileRef = 71032D4D2760632E0030776A /* BeautyItem.swift */; };
		71032D50276081F40030776A /* BlurView.swift in Sources */ = {isa = PBXBuildFile; fileRef = 71032D4F276081F40030776A /* BlurView.swift */; };
		7107CD82287BBE4900AC9B9F /* JP.swift in Sources */ = {isa = PBXBuildFile; fileRef = 715ED7A92700642C0030F279 /* JP.swift */; };
		7107CD84287BBE5A00AC9B9F /* UIScreen.Extension.swift in Sources */ = {isa = PBXBuildFile; fileRef = 715ED7A62700642C0030F279 /* UIScreen.Extension.swift */; };
		7107CD8F287BC36B00AC9B9F /* Gwen.jpg in Resources */ = {isa = PBXBuildFile; fileRef = 7107CD8E287BC36B00AC9B9F /* Gwen.jpg */; };
		7107CD99287BC71300AC9B9F /* UIImage.JPExtension.swift in Sources */ = {isa = PBXBuildFile; fileRef = 7107CD98287BC71300AC9B9F /* UIImage.JPExtension.swift */; };
		7107CD9C287BC81D00AC9B9F /* Cat.gif in Resources */ = {isa = PBXBuildFile; fileRef = 7107CD9B287BC81D00AC9B9F /* Cat.gif */; };
		7107CDA6287BF35500AC9B9F /* GifImage.swift in Sources */ = {isa = PBXBuildFile; fileRef = 7107CDA5287BF35500AC9B9F /* GifImage.swift */; };
		7107CDAA287BF73B00AC9B9F /* Cat.gif in Resources */ = {isa = PBXBuildFile; fileRef = 7107CDA9287BF73B00AC9B9F /* Cat.gif */; };
		7115A6BF27EDC7D800C5B145 /* WidgetKit.framework in Frameworks */ = {isa = PBXBuildFile; fileRef = 7115A6BE27EDC7D800C5B145 /* WidgetKit.framework */; };
		7115A6C127EDC7D900C5B145 /* SwiftUI.framework in Frameworks */ = {isa = PBXBuildFile; fileRef = 7115A6C027EDC7D800C5B145 /* SwiftUI.framework */; };
		7115A6C427EDC7D900C5B145 /* NevesWidget.swift in Sources */ = {isa = PBXBuildFile; fileRef = 7115A6C327EDC7D900C5B145 /* NevesWidget.swift */; };
		7115A6C727EDC7DA00C5B145 /* Assets.xcassets in Resources */ = {isa = PBXBuildFile; fileRef = 7115A6C627EDC7DA00C5B145 /* Assets.xcassets */; };
		7115A6C927EDC7DA00C5B145 /* NevesWidget.intentdefinition in Sources */ = {isa = PBXBuildFile; fileRef = 7115A6C527EDC7D900C5B145 /* NevesWidget.intentdefinition */; };
		7115A6CA27EDC7DA00C5B145 /* NevesWidget.intentdefinition in Sources */ = {isa = PBXBuildFile; fileRef = 7115A6C527EDC7D900C5B145 /* NevesWidget.intentdefinition */; };
		7115A6CD27EDC7DA00C5B145 /* NevesWidgetExtension.appex in Embed Foundation Extensions */ = {isa = PBXBuildFile; fileRef = 7115A6BD27EDC7D800C5B145 /* NevesWidgetExtension.appex */; settings = {ATTRIBUTES = (RemoveHeadersOnCopy, ); }; };
		714A3A4D277B45FA005A337E /* LazyGridView.swift in Sources */ = {isa = PBXBuildFile; fileRef = 714A3A4C277B45FA005A337E /* LazyGridView.swift */; };
		715ED75426FF2E310030F279 /* Neves_SwiftUIApp.swift in Sources */ = {isa = PBXBuildFile; fileRef = 715ED75326FF2E310030F279 /* Neves_SwiftUIApp.swift */; };
		715ED75626FF2E310030F279 /* ContentView.swift in Sources */ = {isa = PBXBuildFile; fileRef = 715ED75526FF2E310030F279 /* ContentView.swift */; };
		715ED75826FF2E320030F279 /* Assets.xcassets in Resources */ = {isa = PBXBuildFile; fileRef = 715ED75726FF2E320030F279 /* Assets.xcassets */; };
		715ED75B26FF2E320030F279 /* Preview Assets.xcassets in Resources */ = {isa = PBXBuildFile; fileRef = 715ED75A26FF2E320030F279 /* Preview Assets.xcassets */; };
		715ED7BB2700642C0030F279 /* NotificationCenter.Extension.swift in Sources */ = {isa = PBXBuildFile; fileRef = 715ED79A2700642C0030F279 /* NotificationCenter.Extension.swift */; };
		715ED7BC2700642C0030F279 /* UIViewController.Extension.swift in Sources */ = {isa = PBXBuildFile; fileRef = 715ED79B2700642C0030F279 /* UIViewController.Extension.swift */; };
		715ED7BD2700642C0030F279 /* Literal.Extension.swift in Sources */ = {isa = PBXBuildFile; fileRef = 715ED79C2700642C0030F279 /* Literal.Extension.swift */; };
		715ED7BE2700642C0030F279 /* UIView.Extension.swift in Sources */ = {isa = PBXBuildFile; fileRef = 715ED79D2700642C0030F279 /* UIView.Extension.swift */; };
		715ED7BF2700642C0030F279 /* UIImage.Extension.swift in Sources */ = {isa = PBXBuildFile; fileRef = 715ED79E2700642C0030F279 /* UIImage.Extension.swift */; };
		715ED7C02700642C0030F279 /* Bundle.Extension.swift in Sources */ = {isa = PBXBuildFile; fileRef = 715ED79F2700642C0030F279 /* Bundle.Extension.swift */; };
		715ED7C22700642C0030F279 /* Date.Extension.swift in Sources */ = {isa = PBXBuildFile; fileRef = 715ED7A12700642C0030F279 /* Date.Extension.swift */; };
		715ED7C32700642C0030F279 /* ScreenFit.Extension.swift in Sources */ = {isa = PBXBuildFile; fileRef = 715ED7A22700642C0030F279 /* ScreenFit.Extension.swift */; };
		715ED7C42700642C0030F279 /* UIColor.Extension.swift in Sources */ = {isa = PBXBuildFile; fileRef = 715ED7A32700642C0030F279 /* UIColor.Extension.swift */; };
		715ED7C52700642C0030F279 /* CGFloat.Extension.swift in Sources */ = {isa = PBXBuildFile; fileRef = 715ED7A42700642C0030F279 /* CGFloat.Extension.swift */; };
		715ED7C62700642C0030F279 /* UIScrollView.Extension.swift in Sources */ = {isa = PBXBuildFile; fileRef = 715ED7A52700642C0030F279 /* UIScrollView.Extension.swift */; };
		715ED7C72700642C0030F279 /* UIScreen.Extension.swift in Sources */ = {isa = PBXBuildFile; fileRef = 715ED7A62700642C0030F279 /* UIScreen.Extension.swift */; };
		715ED7C82700642C0030F279 /* String.Extension.swift in Sources */ = {isa = PBXBuildFile; fileRef = 715ED7A72700642C0030F279 /* String.Extension.swift */; };
		715ED7C92700642C0030F279 /* JP.swift in Sources */ = {isa = PBXBuildFile; fileRef = 715ED7A92700642C0030F279 /* JP.swift */; };
		715ED7D02700642C0030F279 /* File.swift in Sources */ = {isa = PBXBuildFile; fileRef = 715ED7B22700642C0030F279 /* File.swift */; };
		715ED7D12700642C0030F279 /* Done.swift in Sources */ = {isa = PBXBuildFile; fileRef = 715ED7B32700642C0030F279 /* Done.swift */; };
		715ED7D22700642C0030F279 /* Asyncs.swift in Sources */ = {isa = PBXBuildFile; fileRef = 715ED7B42700642C0030F279 /* Asyncs.swift */; };
		715ED7E02700684E0030F279 /* DemoStore.swift in Sources */ = {isa = PBXBuildFile; fileRef = 715ED7DF2700684E0030F279 /* DemoStore.swift */; };
		716828BB275DBA4C0039F3F7 /* AnimExperienceView.swift in Sources */ = {isa = PBXBuildFile; fileRef = 716828BA275DBA4C0039F3F7 /* AnimExperienceView.swift */; };
		716828BD275DBBA50039F3F7 /* Buttons.swift in Sources */ = {isa = PBXBuildFile; fileRef = 716828BC275DBBA50039F3F7 /* Buttons.swift */; };
		716828C0275DBBD80039F3F7 /* Func.swift in Sources */ = {isa = PBXBuildFile; fileRef = 716828BF275DBBD80039F3F7 /* Func.swift */; };
		716828C4275DC0580039F3F7 /* Color.Extension.swift in Sources */ = {isa = PBXBuildFile; fileRef = 716828C3275DC0580039F3F7 /* Color.Extension.swift */; };
		716828C6275DC0B70039F3F7 /* Test1View.swift in Sources */ = {isa = PBXBuildFile; fileRef = 716828C5275DC0B70039F3F7 /* Test1View.swift */; };
		716828C8275DDB450039F3F7 /* Test2View.swift in Sources */ = {isa = PBXBuildFile; fileRef = 716828C7275DDB450039F3F7 /* Test2View.swift */; };
		716828CA275DDB4D0039F3F7 /* Test3View.swift in Sources */ = {isa = PBXBuildFile; fileRef = 716828C9275DDB4D0039F3F7 /* Test3View.swift */; };
		7199D9C72761D6980001118E /* FrameTestView.swift in Sources */ = {isa = PBXBuildFile; fileRef = 7199D9C62761D6980001118E /* FrameTestView.swift */; };
		719E838D277024FD009DD435 /* GeometryReaderTestView.swift in Sources */ = {isa = PBXBuildFile; fileRef = 719E838C277024FD009DD435 /* GeometryReaderTestView.swift */; };
		719F9FBB28616015008B4C1F /* StateObjectTestView.swift in Sources */ = {isa = PBXBuildFile; fileRef = 719F9FBA28616015008B4C1F /* StateObjectTestView.swift */; };
		71AD216628759EAF00AD5568 /* ResultBuilderView.swift in Sources */ = {isa = PBXBuildFile; fileRef = 71AD216528759EAF00AD5568 /* ResultBuilderView.swift */; };
		71ADDF7E27A0E7A600404FF4 /* Modifiers.swift in Sources */ = {isa = PBXBuildFile; fileRef = 71ADDF7D27A0E7A600404FF4 /* Modifiers.swift */; };
		71ADDF8427A0E88000404FF4 /* TTProgressHUD.swift in Sources */ = {isa = PBXBuildFile; fileRef = 71ADDF8127A0E88000404FF4 /* TTProgressHUD.swift */; };
		71ADDF8527A0E88000404FF4 /* TTProgressHUDConfig.swift in Sources */ = {isa = PBXBuildFile; fileRef = 71ADDF8227A0E88000404FF4 /* TTProgressHUDConfig.swift */; };
		71ADDF8627A0E88000404FF4 /* CGSize+Hashable.swift in Sources */ = {isa = PBXBuildFile; fileRef = 71ADDF8327A0E88000404FF4 /* CGSize+Hashable.swift */; };
		71ADDF8827A0E8A900404FF4 /* ProgressHUDView.swift in Sources */ = {isa = PBXBuildFile; fileRef = 71ADDF8727A0E8A900404FF4 /* ProgressHUDView.swift */; };
		A900AE262C842F6285A5D29F /* Pods_Neves_SwiftUI.framework in Frameworks */ = {isa = PBXBuildFile; fileRef = A8C9E40F62F32DC33FBE0D29 /* Pods_Neves_SwiftUI.framework */; };
/* End PBXBuildFile section */

/* Begin PBXContainerItemProxy section */
		7115A6CB27EDC7DA00C5B145 /* PBXContainerItemProxy */ = {
			isa = PBXContainerItemProxy;
			containerPortal = 715ED74826FF2E310030F279 /* Project object */;
			proxyType = 1;
			remoteGlobalIDString = 7115A6BC27EDC7D800C5B145;
			remoteInfo = NevesWidgetExtension;
		};
/* End PBXContainerItemProxy section */

/* Begin PBXCopyFilesBuildPhase section */
		7115A6CE27EDC7DA00C5B145 /* Embed Foundation Extensions */ = {
			isa = PBXCopyFilesBuildPhase;
			buildActionMask = 2147483647;
			dstPath = "";
			dstSubfolderSpec = 13;
			files = (
				7115A6CD27EDC7DA00C5B145 /* NevesWidgetExtension.appex in Embed Foundation Extensions */,
			);
			name = "Embed Foundation Extensions";
			runOnlyForDeploymentPostprocessing = 0;
		};
/* End PBXCopyFilesBuildPhase section */

/* Begin PBXFileReference section */
		008DC2B8297254320039AB22 /* Neves-SwiftUI-Info.plist */ = {isa = PBXFileReference; lastKnownFileType = text.plist; path = "Neves-SwiftUI-Info.plist"; sourceTree = SOURCE_ROOT; };
		008DC3182977DCCF0039AB22 /* FunnyPlayView.swift */ = {isa = PBXFileReference; lastKnownFileType = sourcecode.swift; path = FunnyPlayView.swift; sourceTree = "<group>"; };
		00D63DF0299103C5003F0C29 /* VibrancyVisualEffectViewRepresentable.swift */ = {isa = PBXFileReference; fileEncoding = 4; lastKnownFileType = sourcecode.swift; path = VibrancyVisualEffectViewRepresentable.swift; sourceTree = "<group>"; };
		00D63DF1299103C5003F0C29 /* BlurVisualEffectViewRepresentable.swift */ = {isa = PBXFileReference; fileEncoding = 4; lastKnownFileType = sourcecode.swift; path = BlurVisualEffectViewRepresentable.swift; sourceTree = "<group>"; };
		00D63DF3299103C5003F0C29 /* VibrancyEffectStyleKey.swift */ = {isa = PBXFileReference; fileEncoding = 4; lastKnownFileType = sourcecode.swift; path = VibrancyEffectStyleKey.swift; sourceTree = "<group>"; };
		00D63DF4299103C5003F0C29 /* BlurEffectStyleKey.swift */ = {isa = PBXFileReference; fileEncoding = 4; lastKnownFileType = sourcecode.swift; path = BlurEffectStyleKey.swift; sourceTree = "<group>"; };
		00D63DF5299103C5003F0C29 /* BlurEffect.swift */ = {isa = PBXFileReference; fileEncoding = 4; lastKnownFileType = sourcecode.swift; path = BlurEffect.swift; sourceTree = "<group>"; };
		00D63DF7299103C5003F0C29 /* View+blurEffectStyle.swift */ = {isa = PBXFileReference; fileEncoding = 4; lastKnownFileType = sourcecode.swift; path = "View+blurEffectStyle.swift"; sourceTree = "<group>"; };
		00D63DF8299103C5003F0C29 /* View+vibrancyEffect.swift */ = {isa = PBXFileReference; fileEncoding = 4; lastKnownFileType = sourcecode.swift; path = "View+vibrancyEffect.swift"; sourceTree = "<group>"; };
		00D63DF9299103C5003F0C29 /* View+blurEffect.swift */ = {isa = PBXFileReference; fileEncoding = 4; lastKnownFileType = sourcecode.swift; path = "View+blurEffect.swift"; sourceTree = "<group>"; };
		00D63DFA299103C5003F0C29 /* View+vibrancyEffectStyle.swift */ = {isa = PBXFileReference; fileEncoding = 4; lastKnownFileType = sourcecode.swift; path = "View+vibrancyEffectStyle.swift"; sourceTree = "<group>"; };
		00D63DFC299103C5003F0C29 /* BlurEffectModifier.swift */ = {isa = PBXFileReference; fileEncoding = 4; lastKnownFileType = sourcecode.swift; path = BlurEffectModifier.swift; sourceTree = "<group>"; };
		00D63DFD299103C5003F0C29 /* VibrancyEffectModifier.swift */ = {isa = PBXFileReference; fileEncoding = 4; lastKnownFileType = sourcecode.swift; path = VibrancyEffectModifier.swift; sourceTree = "<group>"; };
		00D63DFF299103C5003F0C29 /* EnvironmentValues+blurEffectStyle.swift */ = {isa = PBXFileReference; fileEncoding = 4; lastKnownFileType = sourcecode.swift; path = "EnvironmentValues+blurEffectStyle.swift"; sourceTree = "<group>"; };
		00D63E00299103C5003F0C29 /* EnvironmentValues+vibrancyEffectStyle.swift */ = {isa = PBXFileReference; fileEncoding = 4; lastKnownFileType = sourcecode.swift; path = "EnvironmentValues+vibrancyEffectStyle.swift"; sourceTree = "<group>"; };
		00D63E292991F1F1003F0C29 /* Const.swift */ = {isa = PBXFileReference; fileEncoding = 4; lastKnownFileType = sourcecode.swift; path = Const.swift; sourceTree = "<group>"; };
		00D63E2A2991F1F1003F0C29 /* Function.swift */ = {isa = PBXFileReference; fileEncoding = 4; lastKnownFileType = sourcecode.swift; path = Function.swift; sourceTree = "<group>"; };
		00DFE9F52908E88400B6611B /* AnimExperienceView_iOS15.swift */ = {isa = PBXFileReference; lastKnownFileType = sourcecode.swift; path = AnimExperienceView_iOS15.swift; sourceTree = "<group>"; };
		00DFE9F8290905ED00B6611B /* ButtonStyles.swift */ = {isa = PBXFileReference; lastKnownFileType = sourcecode.swift; path = ButtonStyles.swift; sourceTree = "<group>"; };
		00DFE9FA2909062400B6611B /* AnimationValueView.swift */ = {isa = PBXFileReference; lastKnownFileType = sourcecode.swift; path = AnimationValueView.swift; sourceTree = "<group>"; };
		00DFE9FC29090ABA00B6611B /* AnimatableModifiers.swift */ = {isa = PBXFileReference; fileEncoding = 4; lastKnownFileType = sourcecode.swift; path = AnimatableModifiers.swift; sourceTree = "<group>"; };
		00E5D9D6296FB110006A6FDD /* EnvironmentValues.swift */ = {isa = PBXFileReference; lastKnownFileType = sourcecode.swift; path = EnvironmentValues.swift; sourceTree = "<group>"; };
		00E5D9D9296FDF31006A6FDD /* ImagePickerShowView.swift */ = {isa = PBXFileReference; lastKnownFileType = sourcecode.swift; path = ImagePickerShowView.swift; sourceTree = "<group>"; };
		00E5D9DB296FE5A8006A6FDD /* EnvironmentTestView.swift */ = {isa = PBXFileReference; lastKnownFileType = sourcecode.swift; path = EnvironmentTestView.swift; sourceTree = "<group>"; };
		00ED821D296962F5006F035B /* StateInitTestView.swift */ = {isa = PBXFileReference; lastKnownFileType = sourcecode.swift; path = StateInitTestView.swift; sourceTree = "<group>"; };
		00ED821F296BB478006F035B /* Neves_SwiftUI.entitlements */ = {isa = PBXFileReference; lastKnownFileType = text.plist.entitlements; path = Neves_SwiftUI.entitlements; sourceTree = "<group>"; };
		00ED8220296BB491006F035B /* NevesWidgetExtension.entitlements */ = {isa = PBXFileReference; lastKnownFileType = text.plist.entitlements; path = NevesWidgetExtension.entitlements; sourceTree = "<group>"; };
		00ED822D296BBF73006F035B /* AppGroups.swift */ = {isa = PBXFileReference; lastKnownFileType = sourcecode.swift; path = AppGroups.swift; sourceTree = "<group>"; };
		00ED8252296BE99D006F035B /* GifImageView.swift */ = {isa = PBXFileReference; lastKnownFileType = sourcecode.swift; path = GifImageView.swift; sourceTree = "<group>"; };
		00ED8256296BE9BD006F035B /* AsyncGifImageView.swift */ = {isa = PBXFileReference; lastKnownFileType = sourcecode.swift; path = AsyncGifImageView.swift; sourceTree = "<group>"; };
		00F0A1D4296BEDA5006B5A28 /* NevesWidgetView.swift */ = {isa = PBXFileReference; lastKnownFileType = sourcecode.swift; path = NevesWidgetView.swift; sourceTree = "<group>"; };
		00F0A1D9296BEDF0006B5A28 /* NevesWidgetEditView.swift */ = {isa = PBXFileReference; lastKnownFileType = sourcecode.swift; path = NevesWidgetEditView.swift; sourceTree = "<group>"; };
		00F0A1DC296BF62E006B5A28 /* NevesWidgetStore.swift */ = {isa = PBXFileReference; lastKnownFileType = sourcecode.swift; path = NevesWidgetStore.swift; sourceTree = "<group>"; };
		00F0A1DF296BFFCB006B5A28 /* UserDefault.swift */ = {isa = PBXFileReference; lastKnownFileType = sourcecode.swift; path = UserDefault.swift; sourceTree = "<group>"; };
		00F0A1E3296D3148006B5A28 /* NevesWidgetModel.swift */ = {isa = PBXFileReference; lastKnownFileType = sourcecode.swift; path = NevesWidgetModel.swift; sourceTree = "<group>"; };
		00F0A1F4296E584F006B5A28 /* LoremPicsum.swift */ = {isa = PBXFileReference; fileEncoding = 4; lastKnownFileType = sourcecode.swift; path = LoremPicsum.swift; sourceTree = "<group>"; };
		00FCC7812990A50C0086E2C7 /* Hud.swift */ = {isa = PBXFileReference; lastKnownFileType = sourcecode.swift; path = Hud.swift; sourceTree = "<group>"; };
		1A621CD02880FD8D00DC463F /* TestUIView.swift */ = {isa = PBXFileReference; lastKnownFileType = sourcecode.swift; path = TestUIView.swift; sourceTree = "<group>"; };
		71032D2A275E1E610030776A /* ImageCroperView.swift */ = {isa = PBXFileReference; fileEncoding = 4; lastKnownFileType = sourcecode.swift; path = ImageCroperView.swift; sourceTree = "<group>"; };
		71032D2B275E1E610030776A /* ImagePickerView.swift */ = {isa = PBXFileReference; fileEncoding = 4; lastKnownFileType = sourcecode.swift; path = ImagePickerView.swift; sourceTree = "<group>"; };
		71032D2F275E21450030776A /* CropViewController.swift */ = {isa = PBXFileReference; fileEncoding = 4; lastKnownFileType = sourcecode.swift; path = CropViewController.swift; sourceTree = "<group>"; };
		71032D30275E21450030776A /* CropViewController.xib */ = {isa = PBXFileReference; fileEncoding = 4; lastKnownFileType = file.xib; path = CropViewController.xib; sourceTree = "<group>"; };
		71032D36275E25460030776A /* Gwen.jpg */ = {isa = PBXFileReference; lastKnownFileType = image.jpeg; path = Gwen.jpg; sourceTree = "<group>"; };
		71032D3827605D6F0030776A /* MatchedGeometryEffectView.swift */ = {isa = PBXFileReference; lastKnownFileType = sourcecode.swift; path = MatchedGeometryEffectView.swift; sourceTree = "<group>"; };
		71032D3A27605EA40030776A /* Girl4.jpg */ = {isa = PBXFileReference; lastKnownFileType = image.jpeg; path = Girl4.jpg; sourceTree = "<group>"; };
		71032D3B27605EA40030776A /* Girl1.jpg */ = {isa = PBXFileReference; lastKnownFileType = image.jpeg; path = Girl1.jpg; sourceTree = "<group>"; };
		71032D3C27605EA40030776A /* Girl3.jpg */ = {isa = PBXFileReference; lastKnownFileType = image.jpeg; path = Girl3.jpg; sourceTree = "<group>"; };
		71032D3D27605EA40030776A /* Girl8.jpg */ = {isa = PBXFileReference; lastKnownFileType = image.jpeg; path = Girl8.jpg; sourceTree = "<group>"; };
		71032D3E27605EA40030776A /* Girl6.jpg */ = {isa = PBXFileReference; lastKnownFileType = image.jpeg; path = Girl6.jpg; sourceTree = "<group>"; };
		71032D3F27605EA40030776A /* Girl2.jpg */ = {isa = PBXFileReference; lastKnownFileType = image.jpeg; path = Girl2.jpg; sourceTree = "<group>"; };
		71032D4027605EA40030776A /* Girl5.jpg */ = {isa = PBXFileReference; lastKnownFileType = image.jpeg; path = Girl5.jpg; sourceTree = "<group>"; };
		71032D4127605EA40030776A /* Girl7.jpg */ = {isa = PBXFileReference; lastKnownFileType = image.jpeg; path = Girl7.jpg; sourceTree = "<group>"; };
		71032D4B27605F150030776A /* Beauty.swift */ = {isa = PBXFileReference; lastKnownFileType = sourcecode.swift; path = Beauty.swift; sourceTree = "<group>"; };
		71032D4D2760632E0030776A /* BeautyItem.swift */ = {isa = PBXFileReference; lastKnownFileType = sourcecode.swift; path = BeautyItem.swift; sourceTree = "<group>"; };
		71032D4F276081F40030776A /* BlurView.swift */ = {isa = PBXFileReference; fileEncoding = 4; lastKnownFileType = sourcecode.swift; path = BlurView.swift; sourceTree = "<group>"; };
		7107CD8E287BC36B00AC9B9F /* Gwen.jpg */ = {isa = PBXFileReference; lastKnownFileType = image.jpeg; path = Gwen.jpg; sourceTree = "<group>"; };
		7107CD98287BC71300AC9B9F /* UIImage.JPExtension.swift */ = {isa = PBXFileReference; lastKnownFileType = sourcecode.swift; path = UIImage.JPExtension.swift; sourceTree = "<group>"; };
		7107CD9B287BC81D00AC9B9F /* Cat.gif */ = {isa = PBXFileReference; lastKnownFileType = image.gif; path = Cat.gif; sourceTree = "<group>"; };
		7107CD9D287BCBFF00AC9B9F /* NevesWidgetExtension-Bridging-Header.h */ = {isa = PBXFileReference; lastKnownFileType = sourcecode.c.h; path = "NevesWidgetExtension-Bridging-Header.h"; sourceTree = "<group>"; };
		7107CDA5287BF35500AC9B9F /* GifImage.swift */ = {isa = PBXFileReference; lastKnownFileType = sourcecode.swift; path = GifImage.swift; sourceTree = "<group>"; };
		7107CDA9287BF73B00AC9B9F /* Cat.gif */ = {isa = PBXFileReference; lastKnownFileType = image.gif; path = Cat.gif; sourceTree = "<group>"; };
		7115A6BD27EDC7D800C5B145 /* NevesWidgetExtension.appex */ = {isa = PBXFileReference; explicitFileType = "wrapper.app-extension"; includeInIndex = 0; path = NevesWidgetExtension.appex; sourceTree = BUILT_PRODUCTS_DIR; };
		7115A6BE27EDC7D800C5B145 /* WidgetKit.framework */ = {isa = PBXFileReference; lastKnownFileType = wrapper.framework; name = WidgetKit.framework; path = System/Library/Frameworks/WidgetKit.framework; sourceTree = SDKROOT; };
		7115A6C027EDC7D800C5B145 /* SwiftUI.framework */ = {isa = PBXFileReference; lastKnownFileType = wrapper.framework; name = SwiftUI.framework; path = System/Library/Frameworks/SwiftUI.framework; sourceTree = SDKROOT; };
		7115A6C327EDC7D900C5B145 /* NevesWidget.swift */ = {isa = PBXFileReference; lastKnownFileType = sourcecode.swift; path = NevesWidget.swift; sourceTree = "<group>"; };
		7115A6C527EDC7D900C5B145 /* NevesWidget.intentdefinition */ = {isa = PBXFileReference; lastKnownFileType = file.intentdefinition; path = NevesWidget.intentdefinition; sourceTree = "<group>"; };
		7115A6C627EDC7DA00C5B145 /* Assets.xcassets */ = {isa = PBXFileReference; lastKnownFileType = folder.assetcatalog; path = Assets.xcassets; sourceTree = "<group>"; };
		7115A6C827EDC7DA00C5B145 /* Info.plist */ = {isa = PBXFileReference; lastKnownFileType = text.plist.xml; path = Info.plist; sourceTree = "<group>"; };
		714A3A4C277B45FA005A337E /* LazyGridView.swift */ = {isa = PBXFileReference; fileEncoding = 4; lastKnownFileType = sourcecode.swift; path = LazyGridView.swift; sourceTree = "<group>"; };
		715ED75026FF2E310030F279 /* Neves_SwiftUI.app */ = {isa = PBXFileReference; explicitFileType = wrapper.application; includeInIndex = 0; path = Neves_SwiftUI.app; sourceTree = BUILT_PRODUCTS_DIR; };
		715ED75326FF2E310030F279 /* Neves_SwiftUIApp.swift */ = {isa = PBXFileReference; lastKnownFileType = sourcecode.swift; path = Neves_SwiftUIApp.swift; sourceTree = "<group>"; };
		715ED75526FF2E310030F279 /* ContentView.swift */ = {isa = PBXFileReference; lastKnownFileType = sourcecode.swift; path = ContentView.swift; sourceTree = "<group>"; };
		715ED75726FF2E320030F279 /* Assets.xcassets */ = {isa = PBXFileReference; lastKnownFileType = folder.assetcatalog; path = Assets.xcassets; sourceTree = "<group>"; };
		715ED75A26FF2E320030F279 /* Preview Assets.xcassets */ = {isa = PBXFileReference; lastKnownFileType = folder.assetcatalog; path = "Preview Assets.xcassets"; sourceTree = "<group>"; };
		715ED79A2700642C0030F279 /* NotificationCenter.Extension.swift */ = {isa = PBXFileReference; fileEncoding = 4; lastKnownFileType = sourcecode.swift; path = NotificationCenter.Extension.swift; sourceTree = "<group>"; };
		715ED79B2700642C0030F279 /* UIViewController.Extension.swift */ = {isa = PBXFileReference; fileEncoding = 4; lastKnownFileType = sourcecode.swift; path = UIViewController.Extension.swift; sourceTree = "<group>"; };
		715ED79C2700642C0030F279 /* Literal.Extension.swift */ = {isa = PBXFileReference; fileEncoding = 4; lastKnownFileType = sourcecode.swift; path = Literal.Extension.swift; sourceTree = "<group>"; };
		715ED79D2700642C0030F279 /* UIView.Extension.swift */ = {isa = PBXFileReference; fileEncoding = 4; lastKnownFileType = sourcecode.swift; path = UIView.Extension.swift; sourceTree = "<group>"; };
		715ED79E2700642C0030F279 /* UIImage.Extension.swift */ = {isa = PBXFileReference; fileEncoding = 4; lastKnownFileType = sourcecode.swift; path = UIImage.Extension.swift; sourceTree = "<group>"; };
		715ED79F2700642C0030F279 /* Bundle.Extension.swift */ = {isa = PBXFileReference; fileEncoding = 4; lastKnownFileType = sourcecode.swift; path = Bundle.Extension.swift; sourceTree = "<group>"; };
		715ED7A12700642C0030F279 /* Date.Extension.swift */ = {isa = PBXFileReference; fileEncoding = 4; lastKnownFileType = sourcecode.swift; path = Date.Extension.swift; sourceTree = "<group>"; };
		715ED7A22700642C0030F279 /* ScreenFit.Extension.swift */ = {isa = PBXFileReference; fileEncoding = 4; lastKnownFileType = sourcecode.swift; path = ScreenFit.Extension.swift; sourceTree = "<group>"; };
		715ED7A32700642C0030F279 /* UIColor.Extension.swift */ = {isa = PBXFileReference; fileEncoding = 4; lastKnownFileType = sourcecode.swift; path = UIColor.Extension.swift; sourceTree = "<group>"; };
		715ED7A42700642C0030F279 /* CGFloat.Extension.swift */ = {isa = PBXFileReference; fileEncoding = 4; lastKnownFileType = sourcecode.swift; path = CGFloat.Extension.swift; sourceTree = "<group>"; };
		715ED7A52700642C0030F279 /* UIScrollView.Extension.swift */ = {isa = PBXFileReference; fileEncoding = 4; lastKnownFileType = sourcecode.swift; path = UIScrollView.Extension.swift; sourceTree = "<group>"; };
		715ED7A62700642C0030F279 /* UIScreen.Extension.swift */ = {isa = PBXFileReference; fileEncoding = 4; lastKnownFileType = sourcecode.swift; path = UIScreen.Extension.swift; sourceTree = "<group>"; };
		715ED7A72700642C0030F279 /* String.Extension.swift */ = {isa = PBXFileReference; fileEncoding = 4; lastKnownFileType = sourcecode.swift; path = String.Extension.swift; sourceTree = "<group>"; };
		715ED7A92700642C0030F279 /* JP.swift */ = {isa = PBXFileReference; fileEncoding = 4; lastKnownFileType = sourcecode.swift; path = JP.swift; sourceTree = "<group>"; };
		715ED7B22700642C0030F279 /* File.swift */ = {isa = PBXFileReference; fileEncoding = 4; lastKnownFileType = sourcecode.swift; path = File.swift; sourceTree = "<group>"; };
		715ED7B32700642C0030F279 /* Done.swift */ = {isa = PBXFileReference; fileEncoding = 4; lastKnownFileType = sourcecode.swift; path = Done.swift; sourceTree = "<group>"; };
		715ED7B42700642C0030F279 /* Asyncs.swift */ = {isa = PBXFileReference; fileEncoding = 4; lastKnownFileType = sourcecode.swift; path = Asyncs.swift; sourceTree = "<group>"; };
		715ED7D7270064CC0030F279 /* Neves_SwiftUI-Bridging-Header.h */ = {isa = PBXFileReference; lastKnownFileType = sourcecode.c.h; path = "Neves_SwiftUI-Bridging-Header.h"; sourceTree = "<group>"; };
		715ED7DF2700684E0030F279 /* DemoStore.swift */ = {isa = PBXFileReference; fileEncoding = 4; lastKnownFileType = sourcecode.swift; path = DemoStore.swift; sourceTree = "<group>"; };
		716828BA275DBA4C0039F3F7 /* AnimExperienceView.swift */ = {isa = PBXFileReference; fileEncoding = 4; lastKnownFileType = sourcecode.swift; path = AnimExperienceView.swift; sourceTree = "<group>"; };
		716828BC275DBBA50039F3F7 /* Buttons.swift */ = {isa = PBXFileReference; fileEncoding = 4; lastKnownFileType = sourcecode.swift; path = Buttons.swift; sourceTree = "<group>"; };
		716828BF275DBBD80039F3F7 /* Func.swift */ = {isa = PBXFileReference; lastKnownFileType = sourcecode.swift; path = Func.swift; sourceTree = "<group>"; };
		716828C3275DC0580039F3F7 /* Color.Extension.swift */ = {isa = PBXFileReference; lastKnownFileType = sourcecode.swift; path = Color.Extension.swift; sourceTree = "<group>"; };
		716828C5275DC0B70039F3F7 /* Test1View.swift */ = {isa = PBXFileReference; lastKnownFileType = sourcecode.swift; path = Test1View.swift; sourceTree = "<group>"; };
		716828C7275DDB450039F3F7 /* Test2View.swift */ = {isa = PBXFileReference; lastKnownFileType = sourcecode.swift; path = Test2View.swift; sourceTree = "<group>"; };
		716828C9275DDB4D0039F3F7 /* Test3View.swift */ = {isa = PBXFileReference; lastKnownFileType = sourcecode.swift; path = Test3View.swift; sourceTree = "<group>"; };
		7199D9C62761D6980001118E /* FrameTestView.swift */ = {isa = PBXFileReference; lastKnownFileType = sourcecode.swift; path = FrameTestView.swift; sourceTree = "<group>"; };
		719E838C277024FD009DD435 /* GeometryReaderTestView.swift */ = {isa = PBXFileReference; lastKnownFileType = sourcecode.swift; path = GeometryReaderTestView.swift; sourceTree = "<group>"; };
		719F9FBA28616015008B4C1F /* StateObjectTestView.swift */ = {isa = PBXFileReference; fileEncoding = 4; lastKnownFileType = sourcecode.swift; path = StateObjectTestView.swift; sourceTree = "<group>"; };
		71AD216528759EAF00AD5568 /* ResultBuilderView.swift */ = {isa = PBXFileReference; lastKnownFileType = sourcecode.swift; path = ResultBuilderView.swift; sourceTree = "<group>"; };
		71ADDF7D27A0E7A600404FF4 /* Modifiers.swift */ = {isa = PBXFileReference; fileEncoding = 4; lastKnownFileType = sourcecode.swift; path = Modifiers.swift; sourceTree = "<group>"; };
		71ADDF8127A0E88000404FF4 /* TTProgressHUD.swift */ = {isa = PBXFileReference; fileEncoding = 4; lastKnownFileType = sourcecode.swift; path = TTProgressHUD.swift; sourceTree = "<group>"; };
		71ADDF8227A0E88000404FF4 /* TTProgressHUDConfig.swift */ = {isa = PBXFileReference; fileEncoding = 4; lastKnownFileType = sourcecode.swift; path = TTProgressHUDConfig.swift; sourceTree = "<group>"; };
		71ADDF8327A0E88000404FF4 /* CGSize+Hashable.swift */ = {isa = PBXFileReference; fileEncoding = 4; lastKnownFileType = sourcecode.swift; path = "CGSize+Hashable.swift"; sourceTree = "<group>"; };
		71ADDF8727A0E8A900404FF4 /* ProgressHUDView.swift */ = {isa = PBXFileReference; lastKnownFileType = sourcecode.swift; path = ProgressHUDView.swift; sourceTree = "<group>"; };
		A8C9E40F62F32DC33FBE0D29 /* Pods_Neves_SwiftUI.framework */ = {isa = PBXFileReference; explicitFileType = wrapper.framework; includeInIndex = 0; path = Pods_Neves_SwiftUI.framework; sourceTree = BUILT_PRODUCTS_DIR; };
		C1398D9D6DA22DECD4EFB9EC /* Pods-Neves_SwiftUI.debug.xcconfig */ = {isa = PBXFileReference; includeInIndex = 1; lastKnownFileType = text.xcconfig; name = "Pods-Neves_SwiftUI.debug.xcconfig"; path = "Target Support Files/Pods-Neves_SwiftUI/Pods-Neves_SwiftUI.debug.xcconfig"; sourceTree = "<group>"; };
		C1545B07380151D92646637B /* Pods-Neves_SwiftUI.release.xcconfig */ = {isa = PBXFileReference; includeInIndex = 1; lastKnownFileType = text.xcconfig; name = "Pods-Neves_SwiftUI.release.xcconfig"; path = "Target Support Files/Pods-Neves_SwiftUI/Pods-Neves_SwiftUI.release.xcconfig"; sourceTree = "<group>"; };
/* End PBXFileReference section */

/* Begin PBXFrameworksBuildPhase section */
		7115A6BA27EDC7D800C5B145 /* Frameworks */ = {
			isa = PBXFrameworksBuildPhase;
			buildActionMask = 2147483647;
			files = (
				7115A6C127EDC7D900C5B145 /* SwiftUI.framework in Frameworks */,
				7115A6BF27EDC7D800C5B145 /* WidgetKit.framework in Frameworks */,
			);
			runOnlyForDeploymentPostprocessing = 0;
		};
		715ED74D26FF2E310030F279 /* Frameworks */ = {
			isa = PBXFrameworksBuildPhase;
			buildActionMask = 2147483647;
			files = (
				A900AE262C842F6285A5D29F /* Pods_Neves_SwiftUI.framework in Frameworks */,
			);
			runOnlyForDeploymentPostprocessing = 0;
		};
/* End PBXFrameworksBuildPhase section */

/* Begin PBXGroup section */
		00D63DEE299103C5003F0C29 /* SwiftUIVisualEffects */ = {
			isa = PBXGroup;
			children = (
				00D63DF5299103C5003F0C29 /* BlurEffect.swift */,
				00D63DF2299103C5003F0C29 /* Environment Keys */,
				00D63DFE299103C5003F0C29 /* Environment Values */,
				00D63DF6299103C5003F0C29 /* View Extensions */,
				00D63DFB299103C5003F0C29 /* View Modifiers */,
				00D63DEF299103C5003F0C29 /* Wrappers */,
			);
			path = SwiftUIVisualEffects;
			sourceTree = "<group>";
		};
		00D63DEF299103C5003F0C29 /* Wrappers */ = {
			isa = PBXGroup;
			children = (
				00D63DF1299103C5003F0C29 /* BlurVisualEffectViewRepresentable.swift */,
				00D63DF0299103C5003F0C29 /* VibrancyVisualEffectViewRepresentable.swift */,
			);
			path = Wrappers;
			sourceTree = "<group>";
		};
		00D63DF2299103C5003F0C29 /* Environment Keys */ = {
			isa = PBXGroup;
			children = (
				00D63DF4299103C5003F0C29 /* BlurEffectStyleKey.swift */,
				00D63DF3299103C5003F0C29 /* VibrancyEffectStyleKey.swift */,
			);
			path = "Environment Keys";
			sourceTree = "<group>";
		};
		00D63DF6299103C5003F0C29 /* View Extensions */ = {
			isa = PBXGroup;
			children = (
				00D63DF9299103C5003F0C29 /* View+blurEffect.swift */,
				00D63DF7299103C5003F0C29 /* View+blurEffectStyle.swift */,
				00D63DF8299103C5003F0C29 /* View+vibrancyEffect.swift */,
				00D63DFA299103C5003F0C29 /* View+vibrancyEffectStyle.swift */,
			);
			path = "View Extensions";
			sourceTree = "<group>";
		};
		00D63DFB299103C5003F0C29 /* View Modifiers */ = {
			isa = PBXGroup;
			children = (
				00D63DFC299103C5003F0C29 /* BlurEffectModifier.swift */,
				00D63DFD299103C5003F0C29 /* VibrancyEffectModifier.swift */,
			);
			path = "View Modifiers";
			sourceTree = "<group>";
		};
		00D63DFE299103C5003F0C29 /* Environment Values */ = {
			isa = PBXGroup;
			children = (
				00D63DFF299103C5003F0C29 /* EnvironmentValues+blurEffectStyle.swift */,
				00D63E00299103C5003F0C29 /* EnvironmentValues+vibrancyEffectStyle.swift */,
			);
			path = "Environment Values";
			sourceTree = "<group>";
		};
		00D63E282991F1F1003F0C29 /* Const */ = {
			isa = PBXGroup;
			children = (
				00D63E292991F1F1003F0C29 /* Const.swift */,
				00D63E2A2991F1F1003F0C29 /* Function.swift */,
			);
			path = Const;
			sourceTree = "<group>";
		};
		00DFE9F7290905E100B6611B /* ButtonStyles */ = {
			isa = PBXGroup;
			children = (
				00DFE9F8290905ED00B6611B /* ButtonStyles.swift */,
			);
			path = ButtonStyles;
			sourceTree = "<group>";
		};
		00ED8251296BE6CB006F035B /* GIF */ = {
			isa = PBXGroup;
			children = (
				00ED8252296BE99D006F035B /* GifImageView.swift */,
				00ED8256296BE9BD006F035B /* AsyncGifImageView.swift */,
				7107CDA5287BF35500AC9B9F /* GifImage.swift */,
			);
			path = GIF;
			sourceTree = "<group>";
		};
		00FCC7802990A4DA0086E2C7 /* HUD */ = {
			isa = PBXGroup;
			children = (
				00FCC7812990A50C0086E2C7 /* Hud.swift */,
			);
			path = HUD;
			sourceTree = "<group>";
		};
		3A01F6D206FA6FD3A6FB773E /* Frameworks */ = {
			isa = PBXGroup;
			children = (
				A8C9E40F62F32DC33FBE0D29 /* Pods_Neves_SwiftUI.framework */,
				7115A6BE27EDC7D800C5B145 /* WidgetKit.framework */,
				7115A6C027EDC7D800C5B145 /* SwiftUI.framework */,
			);
			name = Frameworks;
			sourceTree = "<group>";
		};
		561E8C64FB0C6ADCC7766560 /* Pods */ = {
			isa = PBXGroup;
			children = (
				C1398D9D6DA22DECD4EFB9EC /* Pods-Neves_SwiftUI.debug.xcconfig */,
				C1545B07380151D92646637B /* Pods-Neves_SwiftUI.release.xcconfig */,
			);
			path = Pods;
			sourceTree = "<group>";
		};
		71032D29275E1CA50030776A /* UIKit */ = {
			isa = PBXGroup;
			children = (
				1A621CD02880FD8D00DC463F /* TestUIView.swift */,
				71032D4F276081F40030776A /* BlurView.swift */,
				00E5D9D9296FDF31006A6FDD /* ImagePickerShowView.swift */,
				71032D2B275E1E610030776A /* ImagePickerView.swift */,
				71032D2A275E1E610030776A /* ImageCroperView.swift */,
				71032D2E275E1E860030776A /* Crop */,
			);
			path = UIKit;
			sourceTree = "<group>";
		};
		71032D2E275E1E860030776A /* Crop */ = {
			isa = PBXGroup;
			children = (
				71032D2F275E21450030776A /* CropViewController.swift */,
				71032D30275E21450030776A /* CropViewController.xib */,
			);
			path = Crop;
			sourceTree = "<group>";
		};
		71032D33275E23EF0030776A /* Resource */ = {
			isa = PBXGroup;
			children = (
				71032D3B27605EA40030776A /* Girl1.jpg */,
				71032D3F27605EA40030776A /* Girl2.jpg */,
				71032D3C27605EA40030776A /* Girl3.jpg */,
				71032D3A27605EA40030776A /* Girl4.jpg */,
				71032D4027605EA40030776A /* Girl5.jpg */,
				71032D3E27605EA40030776A /* Girl6.jpg */,
				71032D4127605EA40030776A /* Girl7.jpg */,
				71032D3D27605EA40030776A /* Girl8.jpg */,
				71032D36275E25460030776A /* Gwen.jpg */,
				7107CD9B287BC81D00AC9B9F /* Cat.gif */,
			);
			path = Resource;
			sourceTree = "<group>";
		};
		71032D4A27605ED20030776A /* Model */ = {
			isa = PBXGroup;
			children = (
				71032D4B27605F150030776A /* Beauty.swift */,
			);
			path = Model;
			sourceTree = "<group>";
		};
		7107CD91287BC64500AC9B9F /* Widget */ = {
			isa = PBXGroup;
			children = (
				00F0A1D9296BEDF0006B5A28 /* NevesWidgetEditView.swift */,
				00F0A1D4296BEDA5006B5A28 /* NevesWidgetView.swift */,
				00F0A1DC296BF62E006B5A28 /* NevesWidgetStore.swift */,
				00F0A1E3296D3148006B5A28 /* NevesWidgetModel.swift */,
			);
			path = Widget;
			sourceTree = "<group>";
		};
		7115A6C227EDC7D900C5B145 /* NevesWidget */ = {
			isa = PBXGroup;
			children = (
				7115A6C327EDC7D900C5B145 /* NevesWidget.swift */,
				7115A6C527EDC7D900C5B145 /* NevesWidget.intentdefinition */,
				7107CD8E287BC36B00AC9B9F /* Gwen.jpg */,
				7107CDA9287BF73B00AC9B9F /* Cat.gif */,
				7115A6C627EDC7DA00C5B145 /* Assets.xcassets */,
				7115A6C827EDC7DA00C5B145 /* Info.plist */,
			);
			path = NevesWidget;
			sourceTree = "<group>";
		};
		715ED74726FF2E310030F279 = {
			isa = PBXGroup;
			children = (
				00ED8220296BB491006F035B /* NevesWidgetExtension.entitlements */,
				715ED75226FF2E310030F279 /* Neves_SwiftUI */,
				7115A6C227EDC7D900C5B145 /* NevesWidget */,
				715ED75126FF2E310030F279 /* Products */,
				561E8C64FB0C6ADCC7766560 /* Pods */,
				3A01F6D206FA6FD3A6FB773E /* Frameworks */,
			);
			sourceTree = "<group>";
		};
		715ED75126FF2E310030F279 /* Products */ = {
			isa = PBXGroup;
			children = (
				715ED75026FF2E310030F279 /* Neves_SwiftUI.app */,
				7115A6BD27EDC7D800C5B145 /* NevesWidgetExtension.appex */,
			);
			name = Products;
			sourceTree = "<group>";
		};
		715ED75226FF2E310030F279 /* Neves_SwiftUI */ = {
			isa = PBXGroup;
			children = (
				008DC2B8297254320039AB22 /* Neves-SwiftUI-Info.plist */,
				00ED821F296BB478006F035B /* Neves_SwiftUI.entitlements */,
				715ED75326FF2E310030F279 /* Neves_SwiftUIApp.swift */,
				715ED75526FF2E310030F279 /* ContentView.swift */,
				715ED7DF2700684E0030F279 /* DemoStore.swift */,
				00E5D9D6296FB110006A6FDD /* EnvironmentValues.swift */,
				715ED7DD2700684E0030F279 /* View */,
				715ED7DE2700684E0030F279 /* Data */,
				71032D4A27605ED20030776A /* Model */,
				716828C1275DBFE80039F3F7 /* Modifier */,
				00DFE9F7290905E100B6611B /* ButtonStyles */,
				716828C2275DC0430039F3F7 /* Extension */,
				716828BE275DBBBD0039F3F7 /* Common */,
				71ADDF7F27A0E88000404FF4 /* ThirdLib */,
				715ED78F2700642C0030F279 /* Neves */,
				715ED75726FF2E320030F279 /* Assets.xcassets */,
				71032D33275E23EF0030776A /* Resource */,
				715ED75926FF2E320030F279 /* Preview Content */,
				715ED7D7270064CC0030F279 /* Neves_SwiftUI-Bridging-Header.h */,
				7107CD9D287BCBFF00AC9B9F /* NevesWidgetExtension-Bridging-Header.h */,
			);
			path = Neves_SwiftUI;
			sourceTree = "<group>";
		};
		715ED75926FF2E320030F279 /* Preview Content */ = {
			isa = PBXGroup;
			children = (
				715ED75A26FF2E320030F279 /* Preview Assets.xcassets */,
			);
			path = "Preview Content";
			sourceTree = "<group>";
		};
		715ED78F2700642C0030F279 /* Neves */ = {
			isa = PBXGroup;
			children = (
				00D63E282991F1F1003F0C29 /* Const */,
				715ED7992700642C0030F279 /* Extension */,
				715ED7A82700642C0030F279 /* Protocol */,
				715ED7B12700642C0030F279 /* Tool */,
				715ED7902700642C0030F279 /* Unit */,
			);
			path = Neves;
			sourceTree = "<group>";
		};
		715ED7902700642C0030F279 /* Unit */ = {
			isa = PBXGroup;
			children = (
				00FCC7802990A4DA0086E2C7 /* HUD */,
			);
			path = Unit;
			sourceTree = "<group>";
		};
		715ED7992700642C0030F279 /* Extension */ = {
			isa = PBXGroup;
			children = (
				715ED79F2700642C0030F279 /* Bundle.Extension.swift */,
				715ED7A42700642C0030F279 /* CGFloat.Extension.swift */,
				715ED7A12700642C0030F279 /* Date.Extension.swift */,
				715ED79C2700642C0030F279 /* Literal.Extension.swift */,
				715ED79A2700642C0030F279 /* NotificationCenter.Extension.swift */,
				715ED7A22700642C0030F279 /* ScreenFit.Extension.swift */,
				715ED7A72700642C0030F279 /* String.Extension.swift */,
				715ED7A32700642C0030F279 /* UIColor.Extension.swift */,
				715ED79E2700642C0030F279 /* UIImage.Extension.swift */,
				7107CD98287BC71300AC9B9F /* UIImage.JPExtension.swift */,
				715ED7A62700642C0030F279 /* UIScreen.Extension.swift */,
				715ED7A52700642C0030F279 /* UIScrollView.Extension.swift */,
				715ED79D2700642C0030F279 /* UIView.Extension.swift */,
				715ED79B2700642C0030F279 /* UIViewController.Extension.swift */,
			);
			path = Extension;
			sourceTree = "<group>";
		};
		715ED7A82700642C0030F279 /* Protocol */ = {
			isa = PBXGroup;
			children = (
				715ED7A92700642C0030F279 /* JP.swift */,
			);
			path = Protocol;
			sourceTree = "<group>";
		};
		715ED7B12700642C0030F279 /* Tool */ = {
			isa = PBXGroup;
			children = (
				715ED7B42700642C0030F279 /* Asyncs.swift */,
				715ED7B32700642C0030F279 /* Done.swift */,
				715ED7B22700642C0030F279 /* File.swift */,
				00F0A1F4296E584F006B5A28 /* LoremPicsum.swift */,
			);
			path = Tool;
			sourceTree = "<group>";
		};
		715ED7DD2700684E0030F279 /* View */ = {
			isa = PBXGroup;
			children = (
				716828B8275DB9FB0039F3F7 /* Test */,
				716828B9275DBA000039F3F7 /* Base */,
				716828B5275DB9E40039F3F7 /* Unit */,
				716828B7275DB9EF0039F3F7 /* Animation */,
				00ED8251296BE6CB006F035B /* GIF */,
				71032D29275E1CA50030776A /* UIKit */,
				7107CD91287BC64500AC9B9F /* Widget */,
			);
			path = View;
			sourceTree = "<group>";
		};
		715ED7DE2700684E0030F279 /* Data */ = {
			isa = PBXGroup;
			children = (
				00F0A1DF296BFFCB006B5A28 /* UserDefault.swift */,
				00ED822D296BBF73006F035B /* AppGroups.swift */,
			);
			path = Data;
			sourceTree = "<group>";
		};
		716828B5275DB9E40039F3F7 /* Unit */ = {
			isa = PBXGroup;
			children = (
				716828BC275DBBA50039F3F7 /* Buttons.swift */,
				71ADDF8727A0E8A900404FF4 /* ProgressHUDView.swift */,
				008DC3182977DCCF0039AB22 /* FunnyPlayView.swift */,
			);
			path = Unit;
			sourceTree = "<group>";
		};
		716828B7275DB9EF0039F3F7 /* Animation */ = {
			isa = PBXGroup;
			children = (
				00DFE9FA2909062400B6611B /* AnimationValueView.swift */,
				00DFE9F52908E88400B6611B /* AnimExperienceView_iOS15.swift */,
				716828BA275DBA4C0039F3F7 /* AnimExperienceView.swift */,
			);
			path = Animation;
			sourceTree = "<group>";
		};
		716828B8275DB9FB0039F3F7 /* Test */ = {
			isa = PBXGroup;
			children = (
				716828C5275DC0B70039F3F7 /* Test1View.swift */,
				716828C7275DDB450039F3F7 /* Test2View.swift */,
				716828C9275DDB4D0039F3F7 /* Test3View.swift */,
				7199D9C62761D6980001118E /* FrameTestView.swift */,
				719E838C277024FD009DD435 /* GeometryReaderTestView.swift */,
				719F9FBA28616015008B4C1F /* StateObjectTestView.swift */,
				00ED821D296962F5006F035B /* StateInitTestView.swift */,
				00E5D9DB296FE5A8006A6FDD /* EnvironmentTestView.swift */,
			);
			path = Test;
			sourceTree = "<group>";
		};
		716828B9275DBA000039F3F7 /* Base */ = {
			isa = PBXGroup;
			children = (
				71032D3827605D6F0030776A /* MatchedGeometryEffectView.swift */,
				714A3A4C277B45FA005A337E /* LazyGridView.swift */,
				71032D4D2760632E0030776A /* BeautyItem.swift */,
				71AD216528759EAF00AD5568 /* ResultBuilderView.swift */,
			);
			path = Base;
			sourceTree = "<group>";
		};
		716828BE275DBBBD0039F3F7 /* Common */ = {
			isa = PBXGroup;
			children = (
				716828BF275DBBD80039F3F7 /* Func.swift */,
			);
			path = Common;
			sourceTree = "<group>";
		};
		716828C1275DBFE80039F3F7 /* Modifier */ = {
			isa = PBXGroup;
			children = (
				71ADDF7D27A0E7A600404FF4 /* Modifiers.swift */,
				00DFE9FC29090ABA00B6611B /* AnimatableModifiers.swift */,
			);
			path = Modifier;
			sourceTree = "<group>";
		};
		716828C2275DC0430039F3F7 /* Extension */ = {
			isa = PBXGroup;
			children = (
				716828C3275DC0580039F3F7 /* Color.Extension.swift */,
			);
			path = Extension;
			sourceTree = "<group>";
		};
		71ADDF7F27A0E88000404FF4 /* ThirdLib */ = {
			isa = PBXGroup;
			children = (
				00D63DEE299103C5003F0C29 /* SwiftUIVisualEffects */,
				71ADDF8027A0E88000404FF4 /* TTProgressHUD */,
			);
			path = ThirdLib;
			sourceTree = "<group>";
		};
		71ADDF8027A0E88000404FF4 /* TTProgressHUD */ = {
			isa = PBXGroup;
			children = (
				71ADDF8327A0E88000404FF4 /* CGSize+Hashable.swift */,
				71ADDF8127A0E88000404FF4 /* TTProgressHUD.swift */,
				71ADDF8227A0E88000404FF4 /* TTProgressHUDConfig.swift */,
			);
			path = TTProgressHUD;
			sourceTree = "<group>";
		};
/* End PBXGroup section */

/* Begin PBXNativeTarget section */
		7115A6BC27EDC7D800C5B145 /* NevesWidgetExtension */ = {
			isa = PBXNativeTarget;
			buildConfigurationList = 7115A6D127EDC7DA00C5B145 /* Build configuration list for PBXNativeTarget "NevesWidgetExtension" */;
			buildPhases = (
				7115A6B927EDC7D800C5B145 /* Sources */,
				7115A6BA27EDC7D800C5B145 /* Frameworks */,
				7115A6BB27EDC7D800C5B145 /* Resources */,
			);
			buildRules = (
			);
			dependencies = (
			);
			name = NevesWidgetExtension;
			productName = NevesWidgetExtension;
			productReference = 7115A6BD27EDC7D800C5B145 /* NevesWidgetExtension.appex */;
			productType = "com.apple.product-type.app-extension";
		};
		715ED74F26FF2E310030F279 /* Neves_SwiftUI */ = {
			isa = PBXNativeTarget;
			buildConfigurationList = 715ED75E26FF2E320030F279 /* Build configuration list for PBXNativeTarget "Neves_SwiftUI" */;
			buildPhases = (
				686AA7B1BD44F72D378FAE33 /* [CP] Check Pods Manifest.lock */,
				715ED74C26FF2E310030F279 /* Sources */,
				715ED74D26FF2E310030F279 /* Frameworks */,
				715ED74E26FF2E310030F279 /* Resources */,
				C71B33D9A0547C317367010C /* [CP] Embed Pods Frameworks */,
				7115A6CE27EDC7DA00C5B145 /* Embed Foundation Extensions */,
			);
			buildRules = (
			);
			dependencies = (
				7115A6CC27EDC7DA00C5B145 /* PBXTargetDependency */,
			);
			name = Neves_SwiftUI;
			productName = Neves_SwiftUI;
			productReference = 715ED75026FF2E310030F279 /* Neves_SwiftUI.app */;
			productType = "com.apple.product-type.application";
		};
/* End PBXNativeTarget section */

/* Begin PBXProject section */
		715ED74826FF2E310030F279 /* Project object */ = {
			isa = PBXProject;
			attributes = {
				BuildIndependentTargetsInParallel = 1;
				LastSwiftUpdateCheck = 1330;
				LastUpgradeCheck = 1420;
				TargetAttributes = {
					7115A6BC27EDC7D800C5B145 = {
						CreatedOnToolsVersion = 13.3;
						LastSwiftMigration = 1330;
					};
					715ED74F26FF2E310030F279 = {
						CreatedOnToolsVersion = 13.0;
						LastSwiftMigration = 1300;
					};
				};
			};
			buildConfigurationList = 715ED74B26FF2E310030F279 /* Build configuration list for PBXProject "Neves_SwiftUI" */;
			compatibilityVersion = "Xcode 13.0";
			developmentRegion = en;
			hasScannedForEncodings = 0;
			knownRegions = (
				en,
				Base,
			);
			mainGroup = 715ED74726FF2E310030F279;
			productRefGroup = 715ED75126FF2E310030F279 /* Products */;
			projectDirPath = "";
			projectRoot = "";
			targets = (
				715ED74F26FF2E310030F279 /* Neves_SwiftUI */,
				7115A6BC27EDC7D800C5B145 /* NevesWidgetExtension */,
			);
		};
/* End PBXProject section */

/* Begin PBXResourcesBuildPhase section */
		7115A6BB27EDC7D800C5B145 /* Resources */ = {
			isa = PBXResourcesBuildPhase;
			buildActionMask = 2147483647;
			files = (
				7107CDAA287BF73B00AC9B9F /* Cat.gif in Resources */,
				7107CD8F287BC36B00AC9B9F /* Gwen.jpg in Resources */,
				7115A6C727EDC7DA00C5B145 /* Assets.xcassets in Resources */,
			);
			runOnlyForDeploymentPostprocessing = 0;
		};
		715ED74E26FF2E310030F279 /* Resources */ = {
			isa = PBXResourcesBuildPhase;
			buildActionMask = 2147483647;
			files = (
				71032D4727605EA40030776A /* Girl2.jpg in Resources */,
				7107CD9C287BC81D00AC9B9F /* Cat.gif in Resources */,
				715ED75B26FF2E320030F279 /* Preview Assets.xcassets in Resources */,
				71032D4427605EA40030776A /* Girl3.jpg in Resources */,
				71032D4827605EA40030776A /* Girl5.jpg in Resources */,
				71032D4227605EA40030776A /* Girl4.jpg in Resources */,
				71032D4927605EA40030776A /* Girl7.jpg in Resources */,
				715ED75826FF2E320030F279 /* Assets.xcassets in Resources */,
				71032D37275E25460030776A /* Gwen.jpg in Resources */,
				71032D32275E21450030776A /* CropViewController.xib in Resources */,
				71032D4527605EA40030776A /* Girl8.jpg in Resources */,
				71032D4327605EA40030776A /* Girl1.jpg in Resources */,
				71032D4627605EA40030776A /* Girl6.jpg in Resources */,
			);
			runOnlyForDeploymentPostprocessing = 0;
		};
/* End PBXResourcesBuildPhase section */

/* Begin PBXShellScriptBuildPhase section */
		686AA7B1BD44F72D378FAE33 /* [CP] Check Pods Manifest.lock */ = {
			isa = PBXShellScriptBuildPhase;
			buildActionMask = 2147483647;
			files = (
			);
			inputFileListPaths = (
			);
			inputPaths = (
				"${PODS_PODFILE_DIR_PATH}/Podfile.lock",
				"${PODS_ROOT}/Manifest.lock",
			);
			name = "[CP] Check Pods Manifest.lock";
			outputFileListPaths = (
			);
			outputPaths = (
				"$(DERIVED_FILE_DIR)/Pods-Neves_SwiftUI-checkManifestLockResult.txt",
			);
			runOnlyForDeploymentPostprocessing = 0;
			shellPath = /bin/sh;
			shellScript = "diff \"${PODS_PODFILE_DIR_PATH}/Podfile.lock\" \"${PODS_ROOT}/Manifest.lock\" > /dev/null\nif [ $? != 0 ] ; then\n    # print error to STDERR\n    echo \"error: The sandbox is not in sync with the Podfile.lock. Run 'pod install' or update your CocoaPods installation.\" >&2\n    exit 1\nfi\n# This output is used by Xcode 'outputs' to avoid re-running this script phase.\necho \"SUCCESS\" > \"${SCRIPT_OUTPUT_FILE_0}\"\n";
			showEnvVarsInLog = 0;
		};
		C71B33D9A0547C317367010C /* [CP] Embed Pods Frameworks */ = {
			isa = PBXShellScriptBuildPhase;
			buildActionMask = 2147483647;
			files = (
			);
			inputFileListPaths = (
				"${PODS_ROOT}/Target Support Files/Pods-Neves_SwiftUI/Pods-Neves_SwiftUI-frameworks-${CONFIGURATION}-input-files.xcfilelist",
			);
			name = "[CP] Embed Pods Frameworks";
			outputFileListPaths = (
				"${PODS_ROOT}/Target Support Files/Pods-Neves_SwiftUI/Pods-Neves_SwiftUI-frameworks-${CONFIGURATION}-output-files.xcfilelist",
			);
			runOnlyForDeploymentPostprocessing = 0;
			shellPath = /bin/sh;
			shellScript = "\"${PODS_ROOT}/Target Support Files/Pods-Neves_SwiftUI/Pods-Neves_SwiftUI-frameworks.sh\"\n";
			showEnvVarsInLog = 0;
		};
/* End PBXShellScriptBuildPhase section */

/* Begin PBXSourcesBuildPhase section */
		7115A6B927EDC7D800C5B145 /* Sources */ = {
			isa = PBXSourcesBuildPhase;
			buildActionMask = 2147483647;
			files = (
				00F0A1DB296BEDFF006B5A28 /* NevesWidgetEditView.swift in Sources */,
				7115A6C927EDC7DA00C5B145 /* NevesWidget.intentdefinition in Sources */,
				00F0A1E7296D607F006B5A28 /* UserDefault.swift in Sources */,
				7107CD84287BBE5A00AC9B9F /* UIScreen.Extension.swift in Sources */,
				00E5D9CE296EA130006A6FDD /* Modifiers.swift in Sources */,
				00F0A1DE296BF696006B5A28 /* NevesWidgetStore.swift in Sources */,
				00F0A1E5296D453D006B5A28 /* NevesWidgetModel.swift in Sources */,
				00E5D9D8296FB112006A6FDD /* EnvironmentValues.swift in Sources */,
				00E5D9CF296EA13A006A6FDD /* ButtonStyles.swift in Sources */,
				7107CD82287BBE4900AC9B9F /* JP.swift in Sources */,
				7115A6C427EDC7D900C5B145 /* NevesWidget.swift in Sources */,
				00F0A1D6296BEDA7006B5A28 /* NevesWidgetView.swift in Sources */,
				008DC2FE29778E300039AB22 /* LoremPicsum.swift in Sources */,
				00ED822F296BBF76006F035B /* AppGroups.swift in Sources */,
				00D63E2C2991F1F1003F0C29 /* Const.swift in Sources */,
				00D63E2E2991F1F1003F0C29 /* Function.swift in Sources */,
			);
			runOnlyForDeploymentPostprocessing = 0;
		};
		715ED74C26FF2E310030F279 /* Sources */ = {
			isa = PBXSourcesBuildPhase;
			buildActionMask = 2147483647;
			files = (
				00D63E06299103C5003F0C29 /* View+blurEffectStyle.swift in Sources */,
				00ED8253296BE99D006F035B /* GifImageView.swift in Sources */,
				716828BD275DBBA50039F3F7 /* Buttons.swift in Sources */,
				715ED7C42700642C0030F279 /* UIColor.Extension.swift in Sources */,
				715ED7BB2700642C0030F279 /* NotificationCenter.Extension.swift in Sources */,
				00D63E09299103C5003F0C29 /* View+vibrancyEffectStyle.swift in Sources */,
				719E838D277024FD009DD435 /* GeometryReaderTestView.swift in Sources */,
				00FCC7822990A50C0086E2C7 /* Hud.swift in Sources */,
				71032D4C27605F150030776A /* Beauty.swift in Sources */,
				00D63E08299103C5003F0C29 /* View+blurEffect.swift in Sources */,
				716828C8275DDB450039F3F7 /* Test2View.swift in Sources */,
				00E5D9D7296FB110006A6FDD /* EnvironmentValues.swift in Sources */,
				71032D2D275E1E610030776A /* ImagePickerView.swift in Sources */,
				00D63E0C299103C5003F0C29 /* EnvironmentValues+blurEffectStyle.swift in Sources */,
				71ADDF8527A0E88000404FF4 /* TTProgressHUDConfig.swift in Sources */,
				715ED75626FF2E310030F279 /* ContentView.swift in Sources */,
				71ADDF8427A0E88000404FF4 /* TTProgressHUD.swift in Sources */,
				71ADDF8627A0E88000404FF4 /* CGSize+Hashable.swift in Sources */,
				715ED7D12700642C0030F279 /* Done.swift in Sources */,
				00F0A1D5296BEDA5006B5A28 /* NevesWidgetView.swift in Sources */,
				00D63E2B2991F1F1003F0C29 /* Const.swift in Sources */,
				00D63E2D2991F1F1003F0C29 /* Function.swift in Sources */,
				7107CDA6287BF35500AC9B9F /* GifImage.swift in Sources */,
				00F0A1DA296BEDF0006B5A28 /* NevesWidgetEditView.swift in Sources */,
				00DFE9F62908E88400B6611B /* AnimExperienceView_iOS15.swift in Sources */,
				00E5D9DA296FDF31006A6FDD /* ImagePickerShowView.swift in Sources */,
				00F0A1E4296D3148006B5A28 /* NevesWidgetModel.swift in Sources */,
				715ED7C62700642C0030F279 /* UIScrollView.Extension.swift in Sources */,
				71032D50276081F40030776A /* BlurView.swift in Sources */,
				7107CD99287BC71300AC9B9F /* UIImage.JPExtension.swift in Sources */,
				00ED821E296962F5006F035B /* StateInitTestView.swift in Sources */,
				00D63E01299103C5003F0C29 /* VibrancyVisualEffectViewRepresentable.swift in Sources */,
				716828BB275DBA4C0039F3F7 /* AnimExperienceView.swift in Sources */,
				00D63E07299103C5003F0C29 /* View+vibrancyEffect.swift in Sources */,
				00DFE9FB2909062400B6611B /* AnimationValueView.swift in Sources */,
				00F0A1F5296E584F006B5A28 /* LoremPicsum.swift in Sources */,
				715ED7BE2700642C0030F279 /* UIView.Extension.swift in Sources */,
				714A3A4D277B45FA005A337E /* LazyGridView.swift in Sources */,
				00ED8257296BE9BD006F035B /* AsyncGifImageView.swift in Sources */,
				00E5D9DC296FE5A8006A6FDD /* EnvironmentTestView.swift in Sources */,
				716828C6275DC0B70039F3F7 /* Test1View.swift in Sources */,
				7199D9C72761D6980001118E /* FrameTestView.swift in Sources */,
				715ED7C22700642C0030F279 /* Date.Extension.swift in Sources */,
				00DFE9F9290905ED00B6611B /* ButtonStyles.swift in Sources */,
				715ED7C52700642C0030F279 /* CGFloat.Extension.swift in Sources */,
				71032D2C275E1E610030776A /* ImageCroperView.swift in Sources */,
				71ADDF7E27A0E7A600404FF4 /* Modifiers.swift in Sources */,
				71032D31275E21450030776A /* CropViewController.swift in Sources */,
				00F0A1DD296BF62E006B5A28 /* NevesWidgetStore.swift in Sources */,
				715ED7BC2700642C0030F279 /* UIViewController.Extension.swift in Sources */,
				7115A6CA27EDC7DA00C5B145 /* NevesWidget.intentdefinition in Sources */,
				00DFE9FD29090ABA00B6611B /* AnimatableModifiers.swift in Sources */,
				00D63E05299103C5003F0C29 /* BlurEffect.swift in Sources */,
				719F9FBB28616015008B4C1F /* StateObjectTestView.swift in Sources */,
				00D63E0D299103C5003F0C29 /* EnvironmentValues+vibrancyEffectStyle.swift in Sources */,
				00D63E02299103C5003F0C29 /* BlurVisualEffectViewRepresentable.swift in Sources */,
				00ED822E296BBF73006F035B /* AppGroups.swift in Sources */,
				1A621CD12880FD8D00DC463F /* TestUIView.swift in Sources */,
				716828C0275DBBD80039F3F7 /* Func.swift in Sources */,
				00D63E0B299103C5003F0C29 /* VibrancyEffectModifier.swift in Sources */,
				716828CA275DDB4D0039F3F7 /* Test3View.swift in Sources */,
				715ED75426FF2E310030F279 /* Neves_SwiftUIApp.swift in Sources */,
				715ED7C72700642C0030F279 /* UIScreen.Extension.swift in Sources */,
				716828C4275DC0580039F3F7 /* Color.Extension.swift in Sources */,
				008DC3192977DCCF0039AB22 /* FunnyPlayView.swift in Sources */,
				71032D3927605D6F0030776A /* MatchedGeometryEffectView.swift in Sources */,
				00D63E04299103C5003F0C29 /* BlurEffectStyleKey.swift in Sources */,
				71032D4E2760632E0030776A /* BeautyItem.swift in Sources */,
				00D63E03299103C5003F0C29 /* VibrancyEffectStyleKey.swift in Sources */,
				715ED7C32700642C0030F279 /* ScreenFit.Extension.swift in Sources */,
				715ED7BF2700642C0030F279 /* UIImage.Extension.swift in Sources */,
				715ED7D22700642C0030F279 /* Asyncs.swift in Sources */,
				00F0A1E0296BFFCB006B5A28 /* UserDefault.swift in Sources */,
				715ED7BD2700642C0030F279 /* Literal.Extension.swift in Sources */,
				71ADDF8827A0E8A900404FF4 /* ProgressHUDView.swift in Sources */,
				71AD216628759EAF00AD5568 /* ResultBuilderView.swift in Sources */,
				715ED7E02700684E0030F279 /* DemoStore.swift in Sources */,
				715ED7D02700642C0030F279 /* File.swift in Sources */,
				715ED7C02700642C0030F279 /* Bundle.Extension.swift in Sources */,
				715ED7C92700642C0030F279 /* JP.swift in Sources */,
				00D63E0A299103C5003F0C29 /* BlurEffectModifier.swift in Sources */,
				715ED7C82700642C0030F279 /* String.Extension.swift in Sources */,
			);
			runOnlyForDeploymentPostprocessing = 0;
		};
/* End PBXSourcesBuildPhase section */

/* Begin PBXTargetDependency section */
		7115A6CC27EDC7DA00C5B145 /* PBXTargetDependency */ = {
			isa = PBXTargetDependency;
			target = 7115A6BC27EDC7D800C5B145 /* NevesWidgetExtension */;
			targetProxy = 7115A6CB27EDC7DA00C5B145 /* PBXContainerItemProxy */;
		};
/* End PBXTargetDependency section */

/* Begin XCBuildConfiguration section */
		7115A6CF27EDC7DA00C5B145 /* Debug */ = {
			isa = XCBuildConfiguration;
			buildSettings = {
				ASSETCATALOG_COMPILER_GLOBAL_ACCENT_COLOR_NAME = AccentColor;
				ASSETCATALOG_COMPILER_WIDGET_BACKGROUND_COLOR_NAME = WidgetBackground;
				CLANG_ENABLE_MODULES = YES;
				CODE_SIGN_ENTITLEMENTS = NevesWidgetExtension.entitlements;
				CODE_SIGN_STYLE = Automatic;
				CURRENT_PROJECT_VERSION = 1;
				DEVELOPMENT_TEAM = FH4WHYK8ZQ;
				GENERATE_INFOPLIST_FILE = YES;
				INFOPLIST_FILE = NevesWidget/Info.plist;
				INFOPLIST_KEY_CFBundleDisplayName = NevesWidget;
				INFOPLIST_KEY_NSHumanReadableCopyright = "";
				IPHONEOS_DEPLOYMENT_TARGET = 15.1;
				LD_RUNPATH_SEARCH_PATHS = (
					"$(inherited)",
					"@executable_path/Frameworks",
					"@executable_path/../../Frameworks",
				);
				MARKETING_VERSION = 1.0;
				PRODUCT_BUNDLE_IDENTIFIER = "zhoujianping.Neves-SwiftUI.NevesWidget";
				PRODUCT_NAME = "$(TARGET_NAME)";
				SKIP_INSTALL = YES;
				SWIFT_EMIT_LOC_STRINGS = YES;
				SWIFT_OBJC_BRIDGING_HEADER = "Neves_SwiftUI/NevesWidgetExtension-Bridging-Header.h";
				SWIFT_OPTIMIZATION_LEVEL = "-Onone";
				SWIFT_VERSION = 5.0;
				TARGETED_DEVICE_FAMILY = "1,2";
			};
			name = Debug;
		};
		7115A6D027EDC7DA00C5B145 /* Release */ = {
			isa = XCBuildConfiguration;
			buildSettings = {
				ASSETCATALOG_COMPILER_GLOBAL_ACCENT_COLOR_NAME = AccentColor;
				ASSETCATALOG_COMPILER_WIDGET_BACKGROUND_COLOR_NAME = WidgetBackground;
				CLANG_ENABLE_MODULES = YES;
				CODE_SIGN_ENTITLEMENTS = NevesWidgetExtension.entitlements;
				CODE_SIGN_STYLE = Automatic;
				CURRENT_PROJECT_VERSION = 1;
				DEVELOPMENT_TEAM = FH4WHYK8ZQ;
				GENERATE_INFOPLIST_FILE = YES;
				INFOPLIST_FILE = NevesWidget/Info.plist;
				INFOPLIST_KEY_CFBundleDisplayName = NevesWidget;
				INFOPLIST_KEY_NSHumanReadableCopyright = "";
				IPHONEOS_DEPLOYMENT_TARGET = 15.1;
				LD_RUNPATH_SEARCH_PATHS = (
					"$(inherited)",
					"@executable_path/Frameworks",
					"@executable_path/../../Frameworks",
				);
				MARKETING_VERSION = 1.0;
				PRODUCT_BUNDLE_IDENTIFIER = "zhoujianping.Neves-SwiftUI.NevesWidget";
				PRODUCT_NAME = "$(TARGET_NAME)";
				SKIP_INSTALL = YES;
				SWIFT_EMIT_LOC_STRINGS = YES;
				SWIFT_OBJC_BRIDGING_HEADER = "Neves_SwiftUI/NevesWidgetExtension-Bridging-Header.h";
				SWIFT_VERSION = 5.0;
				TARGETED_DEVICE_FAMILY = "1,2";
			};
			name = Release;
		};
		715ED75C26FF2E320030F279 /* Debug */ = {
			isa = XCBuildConfiguration;
			buildSettings = {
				ALWAYS_SEARCH_USER_PATHS = NO;
				CLANG_ANALYZER_NONNULL = YES;
				CLANG_ANALYZER_NUMBER_OBJECT_CONVERSION = YES_AGGRESSIVE;
				CLANG_CXX_LANGUAGE_STANDARD = "gnu++17";
				CLANG_CXX_LIBRARY = "libc++";
				CLANG_ENABLE_MODULES = YES;
				CLANG_ENABLE_OBJC_ARC = YES;
				CLANG_ENABLE_OBJC_WEAK = YES;
				CLANG_WARN_BLOCK_CAPTURE_AUTORELEASING = YES;
				CLANG_WARN_BOOL_CONVERSION = YES;
				CLANG_WARN_COMMA = YES;
				CLANG_WARN_CONSTANT_CONVERSION = YES;
				CLANG_WARN_DEPRECATED_OBJC_IMPLEMENTATIONS = YES;
				CLANG_WARN_DIRECT_OBJC_ISA_USAGE = YES_ERROR;
				CLANG_WARN_DOCUMENTATION_COMMENTS = YES;
				CLANG_WARN_EMPTY_BODY = YES;
				CLANG_WARN_ENUM_CONVERSION = YES;
				CLANG_WARN_INFINITE_RECURSION = YES;
				CLANG_WARN_INT_CONVERSION = YES;
				CLANG_WARN_NON_LITERAL_NULL_CONVERSION = YES;
				CLANG_WARN_OBJC_IMPLICIT_RETAIN_SELF = YES;
				CLANG_WARN_OBJC_LITERAL_CONVERSION = YES;
				CLANG_WARN_OBJC_ROOT_CLASS = YES_ERROR;
				CLANG_WARN_QUOTED_INCLUDE_IN_FRAMEWORK_HEADER = YES;
				CLANG_WARN_RANGE_LOOP_ANALYSIS = YES;
				CLANG_WARN_STRICT_PROTOTYPES = YES;
				CLANG_WARN_SUSPICIOUS_MOVE = YES;
				CLANG_WARN_UNGUARDED_AVAILABILITY = YES_AGGRESSIVE;
				CLANG_WARN_UNREACHABLE_CODE = YES;
				CLANG_WARN__DUPLICATE_METHOD_MATCH = YES;
				COPY_PHASE_STRIP = NO;
				DEBUG_INFORMATION_FORMAT = dwarf;
				ENABLE_STRICT_OBJC_MSGSEND = YES;
				ENABLE_TESTABILITY = YES;
				GCC_C_LANGUAGE_STANDARD = gnu11;
				GCC_DYNAMIC_NO_PIC = NO;
				GCC_NO_COMMON_BLOCKS = YES;
				GCC_OPTIMIZATION_LEVEL = 0;
				GCC_PREPROCESSOR_DEFINITIONS = (
					"DEBUG=1",
					"$(inherited)",
				);
				GCC_WARN_64_TO_32_BIT_CONVERSION = YES;
				GCC_WARN_ABOUT_RETURN_TYPE = YES_ERROR;
				GCC_WARN_UNDECLARED_SELECTOR = YES;
				GCC_WARN_UNINITIALIZED_AUTOS = YES_AGGRESSIVE;
				GCC_WARN_UNUSED_FUNCTION = YES;
				GCC_WARN_UNUSED_VARIABLE = YES;
				IPHONEOS_DEPLOYMENT_TARGET = 15.0;
				MTL_ENABLE_DEBUG_INFO = INCLUDE_SOURCE;
				MTL_FAST_MATH = YES;
				ONLY_ACTIVE_ARCH = YES;
				SDKROOT = iphoneos;
				SWIFT_ACTIVE_COMPILATION_CONDITIONS = DEBUG;
				SWIFT_OPTIMIZATION_LEVEL = "-Onone";
			};
			name = Debug;
		};
		715ED75D26FF2E320030F279 /* Release */ = {
			isa = XCBuildConfiguration;
			buildSettings = {
				ALWAYS_SEARCH_USER_PATHS = NO;
				CLANG_ANALYZER_NONNULL = YES;
				CLANG_ANALYZER_NUMBER_OBJECT_CONVERSION = YES_AGGRESSIVE;
				CLANG_CXX_LANGUAGE_STANDARD = "gnu++17";
				CLANG_CXX_LIBRARY = "libc++";
				CLANG_ENABLE_MODULES = YES;
				CLANG_ENABLE_OBJC_ARC = YES;
				CLANG_ENABLE_OBJC_WEAK = YES;
				CLANG_WARN_BLOCK_CAPTURE_AUTORELEASING = YES;
				CLANG_WARN_BOOL_CONVERSION = YES;
				CLANG_WARN_COMMA = YES;
				CLANG_WARN_CONSTANT_CONVERSION = YES;
				CLANG_WARN_DEPRECATED_OBJC_IMPLEMENTATIONS = YES;
				CLANG_WARN_DIRECT_OBJC_ISA_USAGE = YES_ERROR;
				CLANG_WARN_DOCUMENTATION_COMMENTS = YES;
				CLANG_WARN_EMPTY_BODY = YES;
				CLANG_WARN_ENUM_CONVERSION = YES;
				CLANG_WARN_INFINITE_RECURSION = YES;
				CLANG_WARN_INT_CONVERSION = YES;
				CLANG_WARN_NON_LITERAL_NULL_CONVERSION = YES;
				CLANG_WARN_OBJC_IMPLICIT_RETAIN_SELF = YES;
				CLANG_WARN_OBJC_LITERAL_CONVERSION = YES;
				CLANG_WARN_OBJC_ROOT_CLASS = YES_ERROR;
				CLANG_WARN_QUOTED_INCLUDE_IN_FRAMEWORK_HEADER = YES;
				CLANG_WARN_RANGE_LOOP_ANALYSIS = YES;
				CLANG_WARN_STRICT_PROTOTYPES = YES;
				CLANG_WARN_SUSPICIOUS_MOVE = YES;
				CLANG_WARN_UNGUARDED_AVAILABILITY = YES_AGGRESSIVE;
				CLANG_WARN_UNREACHABLE_CODE = YES;
				CLANG_WARN__DUPLICATE_METHOD_MATCH = YES;
				COPY_PHASE_STRIP = NO;
				DEBUG_INFORMATION_FORMAT = "dwarf-with-dsym";
				ENABLE_NS_ASSERTIONS = NO;
				ENABLE_STRICT_OBJC_MSGSEND = YES;
				GCC_C_LANGUAGE_STANDARD = gnu11;
				GCC_NO_COMMON_BLOCKS = YES;
				GCC_WARN_64_TO_32_BIT_CONVERSION = YES;
				GCC_WARN_ABOUT_RETURN_TYPE = YES_ERROR;
				GCC_WARN_UNDECLARED_SELECTOR = YES;
				GCC_WARN_UNINITIALIZED_AUTOS = YES_AGGRESSIVE;
				GCC_WARN_UNUSED_FUNCTION = YES;
				GCC_WARN_UNUSED_VARIABLE = YES;
				IPHONEOS_DEPLOYMENT_TARGET = 15.0;
				MTL_ENABLE_DEBUG_INFO = NO;
				MTL_FAST_MATH = YES;
				SDKROOT = iphoneos;
				SWIFT_COMPILATION_MODE = wholemodule;
				SWIFT_OPTIMIZATION_LEVEL = "-O";
				VALIDATE_PRODUCT = YES;
			};
			name = Release;
		};
		715ED75F26FF2E320030F279 /* Debug */ = {
			isa = XCBuildConfiguration;
			baseConfigurationReference = C1398D9D6DA22DECD4EFB9EC /* Pods-Neves_SwiftUI.debug.xcconfig */;
			buildSettings = {
				ASSETCATALOG_COMPILER_APPICON_NAME = AppIcon;
				ASSETCATALOG_COMPILER_GLOBAL_ACCENT_COLOR_NAME = AccentColor;
				CLANG_ENABLE_MODULES = YES;
				CODE_SIGN_ENTITLEMENTS = Neves_SwiftUI/Neves_SwiftUI.entitlements;
				CODE_SIGN_STYLE = Automatic;
				CURRENT_PROJECT_VERSION = 1;
				DEVELOPMENT_ASSET_PATHS = "\"Neves_SwiftUI/Preview Content\"";
				DEVELOPMENT_TEAM = FH4WHYK8ZQ;
				ENABLE_PREVIEWS = YES;
				GENERATE_INFOPLIST_FILE = YES;
				INFOPLIST_FILE = "Neves-SwiftUI-Info.plist";
				INFOPLIST_KEY_UIApplicationSupportsIndirectInputEvents = YES;
				INFOPLIST_KEY_UILaunchScreen_Generation = YES;
				INFOPLIST_KEY_UISupportedInterfaceOrientations_iPad = "UIInterfaceOrientationPortrait UIInterfaceOrientationPortraitUpsideDown UIInterfaceOrientationLandscapeLeft UIInterfaceOrientationLandscapeRight";
				INFOPLIST_KEY_UISupportedInterfaceOrientations_iPhone = "UIInterfaceOrientationPortrait UIInterfaceOrientationLandscapeLeft UIInterfaceOrientationLandscapeRight";
				IPHONEOS_DEPLOYMENT_TARGET = 16.0;
				LD_RUNPATH_SEARCH_PATHS = (
					"$(inherited)",
					"@executable_path/Frameworks",
				);
				MARKETING_VERSION = 1.0;
				PRODUCT_BUNDLE_IDENTIFIER = "zhoujianping.Neves-SwiftUI";
				PRODUCT_NAME = "$(TARGET_NAME)";
				SWIFT_EMIT_LOC_STRINGS = YES;
				SWIFT_OBJC_BRIDGING_HEADER = "Neves_SwiftUI/Neves_SwiftUI-Bridging-Header.h";
				SWIFT_OPTIMIZATION_LEVEL = "-Onone";
				SWIFT_VERSION = 5.0;
				TARGETED_DEVICE_FAMILY = "1,2";
			};
			name = Debug;
		};
		715ED76026FF2E320030F279 /* Release */ = {
			isa = XCBuildConfiguration;
			baseConfigurationReference = C1545B07380151D92646637B /* Pods-Neves_SwiftUI.release.xcconfig */;
			buildSettings = {
				ASSETCATALOG_COMPILER_APPICON_NAME = AppIcon;
				ASSETCATALOG_COMPILER_GLOBAL_ACCENT_COLOR_NAME = AccentColor;
				CLANG_ENABLE_MODULES = YES;
				CODE_SIGN_ENTITLEMENTS = Neves_SwiftUI/Neves_SwiftUI.entitlements;
				CODE_SIGN_STYLE = Automatic;
				CURRENT_PROJECT_VERSION = 1;
				DEVELOPMENT_ASSET_PATHS = "\"Neves_SwiftUI/Preview Content\"";
				DEVELOPMENT_TEAM = FH4WHYK8ZQ;
				ENABLE_PREVIEWS = YES;
				GENERATE_INFOPLIST_FILE = YES;
				INFOPLIST_FILE = "Neves-SwiftUI-Info.plist";
				INFOPLIST_KEY_UIApplicationSupportsIndirectInputEvents = YES;
				INFOPLIST_KEY_UILaunchScreen_Generation = YES;
				INFOPLIST_KEY_UISupportedInterfaceOrientations_iPad = "UIInterfaceOrientationPortrait UIInterfaceOrientationPortraitUpsideDown UIInterfaceOrientationLandscapeLeft UIInterfaceOrientationLandscapeRight";
				INFOPLIST_KEY_UISupportedInterfaceOrientations_iPhone = "UIInterfaceOrientationPortrait UIInterfaceOrientationLandscapeLeft UIInterfaceOrientationLandscapeRight";
				IPHONEOS_DEPLOYMENT_TARGET = 16.0;
				LD_RUNPATH_SEARCH_PATHS = (
					"$(inherited)",
					"@executable_path/Frameworks",
				);
				MARKETING_VERSION = 1.0;
				PRODUCT_BUNDLE_IDENTIFIER = "zhoujianping.Neves-SwiftUI";
				PRODUCT_NAME = "$(TARGET_NAME)";
				SWIFT_EMIT_LOC_STRINGS = YES;
				SWIFT_OBJC_BRIDGING_HEADER = "Neves_SwiftUI/Neves_SwiftUI-Bridging-Header.h";
				SWIFT_VERSION = 5.0;
				TARGETED_DEVICE_FAMILY = "1,2";
			};
			name = Release;
		};
/* End XCBuildConfiguration section */

/* Begin XCConfigurationList section */
		7115A6D127EDC7DA00C5B145 /* Build configuration list for PBXNativeTarget "NevesWidgetExtension" */ = {
			isa = XCConfigurationList;
			buildConfigurations = (
				7115A6CF27EDC7DA00C5B145 /* Debug */,
				7115A6D027EDC7DA00C5B145 /* Release */,
			);
			defaultConfigurationIsVisible = 0;
			defaultConfigurationName = Release;
		};
		715ED74B26FF2E310030F279 /* Build configuration list for PBXProject "Neves_SwiftUI" */ = {
			isa = XCConfigurationList;
			buildConfigurations = (
				715ED75C26FF2E320030F279 /* Debug */,
				715ED75D26FF2E320030F279 /* Release */,
			);
			defaultConfigurationIsVisible = 0;
			defaultConfigurationName = Release;
		};
		715ED75E26FF2E320030F279 /* Build configuration list for PBXNativeTarget "Neves_SwiftUI" */ = {
			isa = XCConfigurationList;
			buildConfigurations = (
				715ED75F26FF2E320030F279 /* Debug */,
				715ED76026FF2E320030F279 /* Release */,
			);
			defaultConfigurationIsVisible = 0;
			defaultConfigurationName = Release;
		};
/* End XCConfigurationList section */
	};
	rootObject = 715ED74826FF2E310030F279 /* Project object */;
}
